// !$*UTF8*$!
{
	archiveVersion = 1;
	classes = {
	};
	objectVersion = 46;
	objects = {

/* Begin PBXBuildFile section */
		1F1C07481D741E3800DE6929 /* XibDemo.swift in Sources */ = {isa = PBXBuildFile; fileRef = 1F1C07471D741E3800DE6929 /* XibDemo.swift */; };
		1F1C074B1D741E6000DE6929 /* XibDemo.xib in Resources */ = {isa = PBXBuildFile; fileRef = 1F1C074A1D741E6000DE6929 /* XibDemo.xib */; };
		1F1C074D1D741EEC00DE6929 /* XibView1.swift in Sources */ = {isa = PBXBuildFile; fileRef = 1F1C074C1D741EEC00DE6929 /* XibView1.swift */; };
		1F1C074F1D741EFB00DE6929 /* XibView1.xib in Resources */ = {isa = PBXBuildFile; fileRef = 1F1C074E1D741EFB00DE6929 /* XibView1.xib */; };
		1F1C07511D7425CE00DE6929 /* XibView2.swift in Sources */ = {isa = PBXBuildFile; fileRef = 1F1C07501D7425CE00DE6929 /* XibView2.swift */; };
		1F1C07531D7425DA00DE6929 /* XibView2.xib in Resources */ = {isa = PBXBuildFile; fileRef = 1F1C07521D7425DA00DE6929 /* XibView2.xib */; };
		1FC5503B1D5AB06500A7BC3E /* AppDelegate.swift in Sources */ = {isa = PBXBuildFile; fileRef = 1FC5503A1D5AB06500A7BC3E /* AppDelegate.swift */; };
		1FC5503D1D5AB06500A7BC3E /* ViewController.swift in Sources */ = {isa = PBXBuildFile; fileRef = 1FC5503C1D5AB06500A7BC3E /* ViewController.swift */; };
		1FC550401D5AB06500A7BC3E /* Main.storyboard in Resources */ = {isa = PBXBuildFile; fileRef = 1FC5503E1D5AB06500A7BC3E /* Main.storyboard */; };
		1FC550421D5AB06500A7BC3E /* Assets.xcassets in Resources */ = {isa = PBXBuildFile; fileRef = 1FC550411D5AB06500A7BC3E /* Assets.xcassets */; };
		1FC550451D5AB06500A7BC3E /* LaunchScreen.storyboard in Resources */ = {isa = PBXBuildFile; fileRef = 1FC550431D5AB06500A7BC3E /* LaunchScreen.storyboard */; };
		28B2152623F046D900A71CC3 /* StoreType.swift in Sources */ = {isa = PBXBuildFile; fileRef = 28B2151923F046D900A71CC3 /* StoreType.swift */; };
		28B2152723F046D900A71CC3 /* Reducer.swift in Sources */ = {isa = PBXBuildFile; fileRef = 28B2151A23F046D900A71CC3 /* Reducer.swift */; };
		28B2152823F046D900A71CC3 /* DispatchingStoreType.swift in Sources */ = {isa = PBXBuildFile; fileRef = 28B2151B23F046D900A71CC3 /* DispatchingStoreType.swift */; };
		28B2152923F046D900A71CC3 /* State.swift in Sources */ = {isa = PBXBuildFile; fileRef = 28B2151C23F046D900A71CC3 /* State.swift */; };
		28B2152A23F046D900A71CC3 /* Subscription.swift in Sources */ = {isa = PBXBuildFile; fileRef = 28B2151D23F046D900A71CC3 /* Subscription.swift */; };
		28B2152B23F046D900A71CC3 /* Middleware.swift in Sources */ = {isa = PBXBuildFile; fileRef = 28B2151E23F046D900A71CC3 /* Middleware.swift */; };
		28B2152C23F046D900A71CC3 /* Store.swift in Sources */ = {isa = PBXBuildFile; fileRef = 28B2151F23F046D900A71CC3 /* Store.swift */; };
		28B2152D23F046D900A71CC3 /* StoreSubscriber.swift in Sources */ = {isa = PBXBuildFile; fileRef = 28B2152023F046D900A71CC3 /* StoreSubscriber.swift */; };
		28B2152E23F046D900A71CC3 /* Action.swift in Sources */ = {isa = PBXBuildFile; fileRef = 28B2152123F046D900A71CC3 /* Action.swift */; };
		28B2152F23F046D900A71CC3 /* Coding.swift in Sources */ = {isa = PBXBuildFile; fileRef = 28B2152323F046D900A71CC3 /* Coding.swift */; };
		28B2153023F046D900A71CC3 /* Assertions.swift in Sources */ = {isa = PBXBuildFile; fileRef = 28B2152423F046D900A71CC3 /* Assertions.swift */; };
		28B2153123F046D900A71CC3 /* TypeHelper.swift in Sources */ = {isa = PBXBuildFile; fileRef = 28B2152523F046D900A71CC3 /* TypeHelper.swift */; };
		28B2154423F0475E00A71CC3 /* TodoFooter.swift in Sources */ = {isa = PBXBuildFile; fileRef = 28B2153423F0475E00A71CC3 /* TodoFooter.swift */; };
		28B2154523F0475E00A71CC3 /* TodoHeader.swift in Sources */ = {isa = PBXBuildFile; fileRef = 28B2153523F0475E00A71CC3 /* TodoHeader.swift */; };
		28B2154623F0475E00A71CC3 /* TodoFooter.xib in Resources */ = {isa = PBXBuildFile; fileRef = 28B2153623F0475E00A71CC3 /* TodoFooter.xib */; };
		28B2154723F0475E00A71CC3 /* TodoHeader.xib in Resources */ = {isa = PBXBuildFile; fileRef = 28B2153723F0475E00A71CC3 /* TodoHeader.xib */; };
		28B2154823F0475E00A71CC3 /* TodoList.xib in Resources */ = {isa = PBXBuildFile; fileRef = 28B2153823F0475E00A71CC3 /* TodoList.xib */; };
		28B2154923F0475E00A71CC3 /* TodoList.swift in Sources */ = {isa = PBXBuildFile; fileRef = 28B2153923F0475E00A71CC3 /* TodoList.swift */; };
		28B2154A23F0475E00A71CC3 /* TodoListDemo.swift in Sources */ = {isa = PBXBuildFile; fileRef = 28B2153B23F0475E00A71CC3 /* TodoListDemo.swift */; };
		28B2154B23F0475E00A71CC3 /* TodoListDemo.xib in Resources */ = {isa = PBXBuildFile; fileRef = 28B2153C23F0475E00A71CC3 /* TodoListDemo.xib */; };
		28B2154C23F0475E00A71CC3 /* TodoListReducer.swift in Sources */ = {isa = PBXBuildFile; fileRef = 28B2153F23F0475E00A71CC3 /* TodoListReducer.swift */; };
		28B2154D23F0475E00A71CC3 /* TodoListReduxDemo.swift in Sources */ = {isa = PBXBuildFile; fileRef = 28B2154023F0475E00A71CC3 /* TodoListReduxDemo.swift */; };
		28B2154E23F0475E00A71CC3 /* TodoListAction.swift in Sources */ = {isa = PBXBuildFile; fileRef = 28B2154223F0475E00A71CC3 /* TodoListAction.swift */; };
		28B2154F23F0475E00A71CC3 /* TodoListReduxDemo.xib in Resources */ = {isa = PBXBuildFile; fileRef = 28B2154323F0475E00A71CC3 /* TodoListReduxDemo.xib */; };
		EE7E483B1D78027000576A90 /* XibView3.swift in Sources */ = {isa = PBXBuildFile; fileRef = EE7E483A1D78027000576A90 /* XibView3.swift */; };
		EE7E483E1D7802AE00576A90 /* XibView3.xib in Resources */ = {isa = PBXBuildFile; fileRef = EE7E483D1D7802AE00576A90 /* XibView3.xib */; };
		EEF134481DAC902300BACD7D /* Extensions.swift in Sources */ = {isa = PBXBuildFile; fileRef = EEF134471DAC902300BACD7D /* Extensions.swift */; };
		EEF1344A1DAC903100BACD7D /* YYXibView.swift in Sources */ = {isa = PBXBuildFile; fileRef = EEF134491DAC903100BACD7D /* YYXibView.swift */; };
/* End PBXBuildFile section */

/* Begin PBXFileReference section */
		1F1C07471D741E3800DE6929 /* XibDemo.swift */ = {isa = PBXFileReference; fileEncoding = 4; lastKnownFileType = sourcecode.swift; path = XibDemo.swift; sourceTree = "<group>"; };
		1F1C074A1D741E6000DE6929 /* XibDemo.xib */ = {isa = PBXFileReference; fileEncoding = 4; lastKnownFileType = file.xib; path = XibDemo.xib; sourceTree = "<group>"; };
		1F1C074C1D741EEC00DE6929 /* XibView1.swift */ = {isa = PBXFileReference; fileEncoding = 4; lastKnownFileType = sourcecode.swift; path = XibView1.swift; sourceTree = "<group>"; };
		1F1C074E1D741EFB00DE6929 /* XibView1.xib */ = {isa = PBXFileReference; fileEncoding = 4; lastKnownFileType = file.xib; path = XibView1.xib; sourceTree = "<group>"; };
		1F1C07501D7425CE00DE6929 /* XibView2.swift */ = {isa = PBXFileReference; fileEncoding = 4; lastKnownFileType = sourcecode.swift; path = XibView2.swift; sourceTree = "<group>"; };
		1F1C07521D7425DA00DE6929 /* XibView2.xib */ = {isa = PBXFileReference; fileEncoding = 4; lastKnownFileType = file.xib; path = XibView2.xib; sourceTree = "<group>"; };
		1FC550371D5AB06400A7BC3E /* ReduxWithSwift.app */ = {isa = PBXFileReference; explicitFileType = wrapper.application; includeInIndex = 0; path = ReduxWithSwift.app; sourceTree = BUILT_PRODUCTS_DIR; };
		1FC5503A1D5AB06500A7BC3E /* AppDelegate.swift */ = {isa = PBXFileReference; lastKnownFileType = sourcecode.swift; path = AppDelegate.swift; sourceTree = "<group>"; };
		1FC5503C1D5AB06500A7BC3E /* ViewController.swift */ = {isa = PBXFileReference; lastKnownFileType = sourcecode.swift; path = ViewController.swift; sourceTree = "<group>"; };
		1FC5503F1D5AB06500A7BC3E /* Base */ = {isa = PBXFileReference; lastKnownFileType = file.storyboard; name = Base; path = Base.lproj/Main.storyboard; sourceTree = "<group>"; };
		1FC550411D5AB06500A7BC3E /* Assets.xcassets */ = {isa = PBXFileReference; lastKnownFileType = folder.assetcatalog; path = Assets.xcassets; sourceTree = "<group>"; };
		1FC550441D5AB06500A7BC3E /* Base */ = {isa = PBXFileReference; lastKnownFileType = file.storyboard; name = Base; path = Base.lproj/LaunchScreen.storyboard; sourceTree = "<group>"; };
		1FC550461D5AB06500A7BC3E /* Info.plist */ = {isa = PBXFileReference; lastKnownFileType = text.plist.xml; path = Info.plist; sourceTree = "<group>"; };
		28B2151923F046D900A71CC3 /* StoreType.swift */ = {isa = PBXFileReference; fileEncoding = 4; lastKnownFileType = sourcecode.swift; path = StoreType.swift; sourceTree = "<group>"; };
		28B2151A23F046D900A71CC3 /* Reducer.swift */ = {isa = PBXFileReference; fileEncoding = 4; lastKnownFileType = sourcecode.swift; path = Reducer.swift; sourceTree = "<group>"; };
		28B2151B23F046D900A71CC3 /* DispatchingStoreType.swift */ = {isa = PBXFileReference; fileEncoding = 4; lastKnownFileType = sourcecode.swift; path = DispatchingStoreType.swift; sourceTree = "<group>"; };
		28B2151C23F046D900A71CC3 /* State.swift */ = {isa = PBXFileReference; fileEncoding = 4; lastKnownFileType = sourcecode.swift; path = State.swift; sourceTree = "<group>"; };
		28B2151D23F046D900A71CC3 /* Subscription.swift */ = {isa = PBXFileReference; fileEncoding = 4; lastKnownFileType = sourcecode.swift; path = Subscription.swift; sourceTree = "<group>"; };
		28B2151E23F046D900A71CC3 /* Middleware.swift */ = {isa = PBXFileReference; fileEncoding = 4; lastKnownFileType = sourcecode.swift; path = Middleware.swift; sourceTree = "<group>"; };
		28B2151F23F046D900A71CC3 /* Store.swift */ = {isa = PBXFileReference; fileEncoding = 4; lastKnownFileType = sourcecode.swift; path = Store.swift; sourceTree = "<group>"; };
		28B2152023F046D900A71CC3 /* StoreSubscriber.swift */ = {isa = PBXFileReference; fileEncoding = 4; lastKnownFileType = sourcecode.swift; path = StoreSubscriber.swift; sourceTree = "<group>"; };
		28B2152123F046D900A71CC3 /* Action.swift */ = {isa = PBXFileReference; fileEncoding = 4; lastKnownFileType = sourcecode.swift; path = Action.swift; sourceTree = "<group>"; };
		28B2152323F046D900A71CC3 /* Coding.swift */ = {isa = PBXFileReference; fileEncoding = 4; lastKnownFileType = sourcecode.swift; path = Coding.swift; sourceTree = "<group>"; };
		28B2152423F046D900A71CC3 /* Assertions.swift */ = {isa = PBXFileReference; fileEncoding = 4; lastKnownFileType = sourcecode.swift; path = Assertions.swift; sourceTree = "<group>"; };
		28B2152523F046D900A71CC3 /* TypeHelper.swift */ = {isa = PBXFileReference; fileEncoding = 4; lastKnownFileType = sourcecode.swift; path = TypeHelper.swift; sourceTree = "<group>"; };
		28B2153423F0475E00A71CC3 /* TodoFooter.swift */ = {isa = PBXFileReference; fileEncoding = 4; lastKnownFileType = sourcecode.swift; path = TodoFooter.swift; sourceTree = "<group>"; };
		28B2153523F0475E00A71CC3 /* TodoHeader.swift */ = {isa = PBXFileReference; fileEncoding = 4; lastKnownFileType = sourcecode.swift; path = TodoHeader.swift; sourceTree = "<group>"; };
		28B2153623F0475E00A71CC3 /* TodoFooter.xib */ = {isa = PBXFileReference; fileEncoding = 4; lastKnownFileType = file.xib; path = TodoFooter.xib; sourceTree = "<group>"; };
		28B2153723F0475E00A71CC3 /* TodoHeader.xib */ = {isa = PBXFileReference; fileEncoding = 4; lastKnownFileType = file.xib; path = TodoHeader.xib; sourceTree = "<group>"; };
		28B2153823F0475E00A71CC3 /* TodoList.xib */ = {isa = PBXFileReference; fileEncoding = 4; lastKnownFileType = file.xib; path = TodoList.xib; sourceTree = "<group>"; };
		28B2153923F0475E00A71CC3 /* TodoList.swift */ = {isa = PBXFileReference; fileEncoding = 4; lastKnownFileType = sourcecode.swift; path = TodoList.swift; sourceTree = "<group>"; };
		28B2153B23F0475E00A71CC3 /* TodoListDemo.swift */ = {isa = PBXFileReference; fileEncoding = 4; lastKnownFileType = sourcecode.swift; path = TodoListDemo.swift; sourceTree = "<group>"; };
		28B2153C23F0475E00A71CC3 /* TodoListDemo.xib */ = {isa = PBXFileReference; fileEncoding = 4; lastKnownFileType = file.xib; path = TodoListDemo.xib; sourceTree = "<group>"; };
		28B2153F23F0475E00A71CC3 /* TodoListReducer.swift */ = {isa = PBXFileReference; fileEncoding = 4; lastKnownFileType = sourcecode.swift; path = TodoListReducer.swift; sourceTree = "<group>"; };
		28B2154023F0475E00A71CC3 /* TodoListReduxDemo.swift */ = {isa = PBXFileReference; fileEncoding = 4; lastKnownFileType = sourcecode.swift; path = TodoListReduxDemo.swift; sourceTree = "<group>"; };
		28B2154223F0475E00A71CC3 /* TodoListAction.swift */ = {isa = PBXFileReference; fileEncoding = 4; lastKnownFileType = sourcecode.swift; path = TodoListAction.swift; sourceTree = "<group>"; };
		28B2154323F0475E00A71CC3 /* TodoListReduxDemo.xib */ = {isa = PBXFileReference; fileEncoding = 4; lastKnownFileType = file.xib; path = TodoListReduxDemo.xib; sourceTree = "<group>"; };
		EE7E483A1D78027000576A90 /* XibView3.swift */ = {isa = PBXFileReference; fileEncoding = 4; lastKnownFileType = sourcecode.swift; path = XibView3.swift; sourceTree = "<group>"; };
		EE7E483D1D7802AE00576A90 /* XibView3.xib */ = {isa = PBXFileReference; fileEncoding = 4; lastKnownFileType = file.xib; path = XibView3.xib; sourceTree = "<group>"; };
		EEF134471DAC902300BACD7D /* Extensions.swift */ = {isa = PBXFileReference; fileEncoding = 4; lastKnownFileType = sourcecode.swift; path = Extensions.swift; sourceTree = "<group>"; };
		EEF134491DAC903100BACD7D /* YYXibView.swift */ = {isa = PBXFileReference; fileEncoding = 4; lastKnownFileType = sourcecode.swift; path = YYXibView.swift; sourceTree = "<group>"; };
/* End PBXFileReference section */

/* Begin PBXFrameworksBuildPhase section */
		1FC550341D5AB06400A7BC3E /* Frameworks */ = {
			isa = PBXFrameworksBuildPhase;
			buildActionMask = 2147483647;
			files = (
			);
			runOnlyForDeploymentPostprocessing = 0;
		};
/* End PBXFrameworksBuildPhase section */

/* Begin PBXGroup section */
		1F1C07491D741E3C00DE6929 /* Xib模块化 */ = {
			isa = PBXGroup;
			children = (
				1F1C07541D74315700DE6929 /* XibView1 */,
				1F1C07551D74315C00DE6929 /* XibView2 */,
				EE7E483C1D78027600576A90 /* XibView3 */,
				1F1C07471D741E3800DE6929 /* XibDemo.swift */,
				1F1C074A1D741E6000DE6929 /* XibDemo.xib */,
			);
			path = "Xib模块化";
			sourceTree = "<group>";
		};
		1F1C07541D74315700DE6929 /* XibView1 */ = {
			isa = PBXGroup;
			children = (
				1F1C074C1D741EEC00DE6929 /* XibView1.swift */,
				1F1C074E1D741EFB00DE6929 /* XibView1.xib */,
			);
			path = XibView1;
			sourceTree = "<group>";
		};
		1F1C07551D74315C00DE6929 /* XibView2 */ = {
			isa = PBXGroup;
			children = (
				1F1C07501D7425CE00DE6929 /* XibView2.swift */,
				1F1C07521D7425DA00DE6929 /* XibView2.xib */,
			);
			path = XibView2;
			sourceTree = "<group>";
		};
		1FC5502E1D5AB06400A7BC3E = {
			isa = PBXGroup;
			children = (
				1FC550381D5AB06400A7BC3E /* Products */,
				1FC550391D5AB06500A7BC3E /* ReduxWithSwift */,
			);
			sourceTree = "<group>";
		};
		1FC550381D5AB06400A7BC3E /* Products */ = {
			isa = PBXGroup;
			children = (
				1FC550371D5AB06400A7BC3E /* ReduxWithSwift.app */,
			);
			name = Products;
			sourceTree = "<group>";
		};
		1FC550391D5AB06500A7BC3E /* ReduxWithSwift */ = {
			isa = PBXGroup;
			children = (
				1FC5503A1D5AB06500A7BC3E /* AppDelegate.swift */,
				1FC550411D5AB06500A7BC3E /* Assets.xcassets */,
				1FC550461D5AB06500A7BC3E /* Info.plist */,
				1FC550431D5AB06500A7BC3E /* LaunchScreen.storyboard */,
				1FC5503E1D5AB06500A7BC3E /* Main.storyboard */,
				1FC5503C1D5AB06500A7BC3E /* ViewController.swift */,
				1F1C07491D741E3C00DE6929 /* Xib模块化 */,
				28B2153223F0475E00A71CC3 /* TodoList应用 */,
				1FC550A61D5AB37200A7BC3E /* Vender */,
			);
			path = ReduxWithSwift;
			sourceTree = "<group>";
		};
		1FC550A61D5AB37200A7BC3E /* Vender */ = {
			isa = PBXGroup;
			children = (
				28B2151723F046D900A71CC3 /* ReSwift */,
				EEF134491DAC903100BACD7D /* YYXibView.swift */,
				EEF134471DAC902300BACD7D /* Extensions.swift */,
			);
			path = Vender;
			sourceTree = "<group>";
		};
		28B2151723F046D900A71CC3 /* ReSwift */ = {
			isa = PBXGroup;
			children = (
				28B2151823F046D900A71CC3 /* CoreTypes */,
				28B2152223F046D900A71CC3 /* Utils */,
			);
			path = ReSwift;
			sourceTree = "<group>";
		};
		28B2151823F046D900A71CC3 /* CoreTypes */ = {
			isa = PBXGroup;
			children = (
				28B2151923F046D900A71CC3 /* StoreType.swift */,
				28B2151A23F046D900A71CC3 /* Reducer.swift */,
				28B2151B23F046D900A71CC3 /* DispatchingStoreType.swift */,
				28B2151C23F046D900A71CC3 /* State.swift */,
				28B2151D23F046D900A71CC3 /* Subscription.swift */,
				28B2151E23F046D900A71CC3 /* Middleware.swift */,
				28B2151F23F046D900A71CC3 /* Store.swift */,
				28B2152023F046D900A71CC3 /* StoreSubscriber.swift */,
				28B2152123F046D900A71CC3 /* Action.swift */,
			);
			path = CoreTypes;
			sourceTree = "<group>";
		};
		28B2152223F046D900A71CC3 /* Utils */ = {
			isa = PBXGroup;
			children = (
				28B2152323F046D900A71CC3 /* Coding.swift */,
				28B2152423F046D900A71CC3 /* Assertions.swift */,
				28B2152523F046D900A71CC3 /* TypeHelper.swift */,
			);
			path = Utils;
			sourceTree = "<group>";
		};
		28B2153223F0475E00A71CC3 /* TodoList应用 */ = {
			isa = PBXGroup;
			children = (
				28B2153323F0475E00A71CC3 /* Component */,
				28B2153A23F0475E00A71CC3 /* 组件版本 */,
				28B2153D23F0475E00A71CC3 /* Redux版本 */,
			);
			path = "TodoList应用";
			sourceTree = "<group>";
		};
		28B2153323F0475E00A71CC3 /* Component */ = {
			isa = PBXGroup;
			children = (
				28B2153423F0475E00A71CC3 /* TodoFooter.swift */,
				28B2153523F0475E00A71CC3 /* TodoHeader.swift */,
				28B2153623F0475E00A71CC3 /* TodoFooter.xib */,
				28B2153723F0475E00A71CC3 /* TodoHeader.xib */,
				28B2153823F0475E00A71CC3 /* TodoList.xib */,
				28B2153923F0475E00A71CC3 /* TodoList.swift */,
			);
			path = Component;
			sourceTree = "<group>";
		};
		28B2153A23F0475E00A71CC3 /* 组件版本 */ = {
			isa = PBXGroup;
			children = (
				28B2153B23F0475E00A71CC3 /* TodoListDemo.swift */,
				28B2153C23F0475E00A71CC3 /* TodoListDemo.xib */,
			);
			path = "组件版本";
			sourceTree = "<group>";
		};
		28B2153D23F0475E00A71CC3 /* Redux版本 */ = {
			isa = PBXGroup;
			children = (
				28B2153E23F0475E00A71CC3 /* Reducer */,
				28B2154023F0475E00A71CC3 /* TodoListReduxDemo.swift */,
				28B2154123F0475E00A71CC3 /* Action */,
				28B2154323F0475E00A71CC3 /* TodoListReduxDemo.xib */,
			);
			path = "Redux版本";
			sourceTree = "<group>";
		};
		28B2153E23F0475E00A71CC3 /* Reducer */ = {
			isa = PBXGroup;
			children = (
				28B2153F23F0475E00A71CC3 /* TodoListReducer.swift */,
			);
			path = Reducer;
			sourceTree = "<group>";
		};
		28B2154123F0475E00A71CC3 /* Action */ = {
			isa = PBXGroup;
			children = (
				28B2154223F0475E00A71CC3 /* TodoListAction.swift */,
			);
			path = Action;
			sourceTree = "<group>";
		};
		EE7E483C1D78027600576A90 /* XibView3 */ = {
			isa = PBXGroup;
			children = (
				EE7E483A1D78027000576A90 /* XibView3.swift */,
				EE7E483D1D7802AE00576A90 /* XibView3.xib */,
			);
			path = XibView3;
			sourceTree = "<group>";
		};
/* End PBXGroup section */

/* Begin PBXNativeTarget section */
		1FC550361D5AB06400A7BC3E /* ReduxWithSwift */ = {
			isa = PBXNativeTarget;
			buildConfigurationList = 1FC550491D5AB06500A7BC3E /* Build configuration list for PBXNativeTarget "ReduxWithSwift" */;
			buildPhases = (
				1FC550331D5AB06400A7BC3E /* Sources */,
				1FC550341D5AB06400A7BC3E /* Frameworks */,
				1FC550351D5AB06400A7BC3E /* Resources */,
			);
			buildRules = (
			);
			dependencies = (
			);
			name = ReduxWithSwift;
			productName = ReduxWithSwift;
			productReference = 1FC550371D5AB06400A7BC3E /* ReduxWithSwift.app */;
			productType = "com.apple.product-type.application";
		};
/* End PBXNativeTarget section */

/* Begin PBXProject section */
		1FC5502F1D5AB06400A7BC3E /* Project object */ = {
			isa = PBXProject;
			attributes = {
				LastSwiftUpdateCheck = 0730;
				LastUpgradeCheck = 1130;
				ORGANIZATIONNAME = huan;
				TargetAttributes = {
					1FC550361D5AB06400A7BC3E = {
						CreatedOnToolsVersion = 7.3;
						DevelopmentTeam = 5PK7JV6E62;
						LastSwiftMigration = 0800;
					};
				};
			};
			buildConfigurationList = 1FC550321D5AB06400A7BC3E /* Build configuration list for PBXProject "ReduxWithSwift" */;
			compatibilityVersion = "Xcode 3.2";
			developmentRegion = en;
			hasScannedForEncodings = 0;
			knownRegions = (
				en,
				Base,
			);
			mainGroup = 1FC5502E1D5AB06400A7BC3E;
			productRefGroup = 1FC550381D5AB06400A7BC3E /* Products */;
			projectDirPath = "";
			projectRoot = "";
			targets = (
				1FC550361D5AB06400A7BC3E /* ReduxWithSwift */,
			);
		};
/* End PBXProject section */

/* Begin PBXResourcesBuildPhase section */
		1FC550351D5AB06400A7BC3E /* Resources */ = {
			isa = PBXResourcesBuildPhase;
			buildActionMask = 2147483647;
			files = (
				1F1C074B1D741E6000DE6929 /* XibDemo.xib in Resources */,
				28B2154823F0475E00A71CC3 /* TodoList.xib in Resources */,
				28B2154723F0475E00A71CC3 /* TodoHeader.xib in Resources */,
				EE7E483E1D7802AE00576A90 /* XibView3.xib in Resources */,
				1F1C07531D7425DA00DE6929 /* XibView2.xib in Resources */,
				28B2154F23F0475E00A71CC3 /* TodoListReduxDemo.xib in Resources */,
				1FC550451D5AB06500A7BC3E /* LaunchScreen.storyboard in Resources */,
				28B2154B23F0475E00A71CC3 /* TodoListDemo.xib in Resources */,
				28B2154623F0475E00A71CC3 /* TodoFooter.xib in Resources */,
				1F1C074F1D741EFB00DE6929 /* XibView1.xib in Resources */,
				1FC550421D5AB06500A7BC3E /* Assets.xcassets in Resources */,
				1FC550401D5AB06500A7BC3E /* Main.storyboard in Resources */,
			);
			runOnlyForDeploymentPostprocessing = 0;
		};
/* End PBXResourcesBuildPhase section */

/* Begin PBXSourcesBuildPhase section */
		1FC550331D5AB06400A7BC3E /* Sources */ = {
			isa = PBXSourcesBuildPhase;
			buildActionMask = 2147483647;
			files = (
				28B2154C23F0475E00A71CC3 /* TodoListReducer.swift in Sources */,
				1F1C07511D7425CE00DE6929 /* XibView2.swift in Sources */,
				1F1C07481D741E3800DE6929 /* XibDemo.swift in Sources */,
				1FC5503D1D5AB06500A7BC3E /* ViewController.swift in Sources */,
				28B2154423F0475E00A71CC3 /* TodoFooter.swift in Sources */,
				EEF134481DAC902300BACD7D /* Extensions.swift in Sources */,
				28B2154E23F0475E00A71CC3 /* TodoListAction.swift in Sources */,
				28B2153023F046D900A71CC3 /* Assertions.swift in Sources */,
				1F1C074D1D741EEC00DE6929 /* XibView1.swift in Sources */,
				28B2152B23F046D900A71CC3 /* Middleware.swift in Sources */,
				28B2152D23F046D900A71CC3 /* StoreSubscriber.swift in Sources */,
				1FC5503B1D5AB06500A7BC3E /* AppDelegate.swift in Sources */,
				28B2153123F046D900A71CC3 /* TypeHelper.swift in Sources */,
				EE7E483B1D78027000576A90 /* XibView3.swift in Sources */,
				28B2154A23F0475E00A71CC3 /* TodoListDemo.swift in Sources */,
				28B2152723F046D900A71CC3 /* Reducer.swift in Sources */,
				28B2154D23F0475E00A71CC3 /* TodoListReduxDemo.swift in Sources */,
				28B2152923F046D900A71CC3 /* State.swift in Sources */,
				28B2154923F0475E00A71CC3 /* TodoList.swift in Sources */,
				28B2152E23F046D900A71CC3 /* Action.swift in Sources */,
				28B2152623F046D900A71CC3 /* StoreType.swift in Sources */,
				28B2152A23F046D900A71CC3 /* Subscription.swift in Sources */,
				28B2152C23F046D900A71CC3 /* Store.swift in Sources */,
				28B2154523F0475E00A71CC3 /* TodoHeader.swift in Sources */,
				28B2152823F046D900A71CC3 /* DispatchingStoreType.swift in Sources */,
				28B2152F23F046D900A71CC3 /* Coding.swift in Sources */,
				EEF1344A1DAC903100BACD7D /* YYXibView.swift in Sources */,
			);
			runOnlyForDeploymentPostprocessing = 0;
		};
/* End PBXSourcesBuildPhase section */

/* Begin PBXVariantGroup section */
		1FC5503E1D5AB06500A7BC3E /* Main.storyboard */ = {
			isa = PBXVariantGroup;
			children = (
				1FC5503F1D5AB06500A7BC3E /* Base */,
			);
			name = Main.storyboard;
			path = .;
			sourceTree = "<group>";
		};
		1FC550431D5AB06500A7BC3E /* LaunchScreen.storyboard */ = {
			isa = PBXVariantGroup;
			children = (
				1FC550441D5AB06500A7BC3E /* Base */,
			);
			name = LaunchScreen.storyboard;
			path = .;
			sourceTree = "<group>";
		};
/* End PBXVariantGroup section */

/* Begin XCBuildConfiguration section */
		1FC550471D5AB06500A7BC3E /* Debug */ = {
			isa = XCBuildConfiguration;
			buildSettings = {
				ALWAYS_SEARCH_USER_PATHS = NO;
				CLANG_ANALYZER_LOCALIZABILITY_NONLOCALIZED = YES;
				CLANG_ANALYZER_NONNULL = YES;
				CLANG_CXX_LANGUAGE_STANDARD = "gnu++0x";
				CLANG_CXX_LIBRARY = "libc++";
				CLANG_ENABLE_MODULES = YES;
				CLANG_ENABLE_OBJC_ARC = YES;
				CLANG_WARN_BLOCK_CAPTURE_AUTORELEASING = YES;
				CLANG_WARN_BOOL_CONVERSION = YES;
				CLANG_WARN_COMMA = YES;
				CLANG_WARN_CONSTANT_CONVERSION = YES;
				CLANG_WARN_DEPRECATED_OBJC_IMPLEMENTATIONS = YES;
				CLANG_WARN_DIRECT_OBJC_ISA_USAGE = YES_ERROR;
				CLANG_WARN_EMPTY_BODY = YES;
				CLANG_WARN_ENUM_CONVERSION = YES;
				CLANG_WARN_INFINITE_RECURSION = YES;
				CLANG_WARN_INT_CONVERSION = YES;
				CLANG_WARN_NON_LITERAL_NULL_CONVERSION = YES;
				CLANG_WARN_OBJC_IMPLICIT_RETAIN_SELF = YES;
				CLANG_WARN_OBJC_LITERAL_CONVERSION = YES;
				CLANG_WARN_OBJC_ROOT_CLASS = YES_ERROR;
				CLANG_WARN_RANGE_LOOP_ANALYSIS = YES;
				CLANG_WARN_STRICT_PROTOTYPES = YES;
				CLANG_WARN_SUSPICIOUS_MOVE = YES;
				CLANG_WARN_UNREACHABLE_CODE = YES;
				CLANG_WARN__DUPLICATE_METHOD_MATCH = YES;
				"CODE_SIGN_IDENTITY[sdk=iphoneos*]" = "iPhone Developer";
				COPY_PHASE_STRIP = NO;
				DEBUG_INFORMATION_FORMAT = dwarf;
				ENABLE_STRICT_OBJC_MSGSEND = YES;
				ENABLE_TESTABILITY = YES;
				GCC_C_LANGUAGE_STANDARD = gnu99;
				GCC_DYNAMIC_NO_PIC = NO;
				GCC_NO_COMMON_BLOCKS = YES;
				GCC_OPTIMIZATION_LEVEL = 0;
				GCC_PREPROCESSOR_DEFINITIONS = (
					"DEBUG=1",
					"$(inherited)",
				);
				GCC_WARN_64_TO_32_BIT_CONVERSION = YES;
				GCC_WARN_ABOUT_RETURN_TYPE = YES_ERROR;
				GCC_WARN_UNDECLARED_SELECTOR = YES;
				GCC_WARN_UNINITIALIZED_AUTOS = YES_AGGRESSIVE;
				GCC_WARN_UNUSED_FUNCTION = YES;
				GCC_WARN_UNUSED_VARIABLE = YES;
				IPHONEOS_DEPLOYMENT_TARGET = 9.3;
				MTL_ENABLE_DEBUG_INFO = YES;
				ONLY_ACTIVE_ARCH = YES;
				SDKROOT = iphoneos;
				SWIFT_OPTIMIZATION_LEVEL = "-Onone";
				TARGETED_DEVICE_FAMILY = "1,2";
			};
			name = Debug;
		};
		1FC550481D5AB06500A7BC3E /* Release */ = {
			isa = XCBuildConfiguration;
			buildSettings = {
				ALWAYS_SEARCH_USER_PATHS = NO;
				CLANG_ANALYZER_LOCALIZABILITY_NONLOCALIZED = YES;
				CLANG_ANALYZER_NONNULL = YES;
				CLANG_CXX_LANGUAGE_STANDARD = "gnu++0x";
				CLANG_CXX_LIBRARY = "libc++";
				CLANG_ENABLE_MODULES = YES;
				CLANG_ENABLE_OBJC_ARC = YES;
				CLANG_WARN_BLOCK_CAPTURE_AUTORELEASING = YES;
				CLANG_WARN_BOOL_CONVERSION = YES;
				CLANG_WARN_COMMA = YES;
				CLANG_WARN_CONSTANT_CONVERSION = YES;
				CLANG_WARN_DEPRECATED_OBJC_IMPLEMENTATIONS = YES;
				CLANG_WARN_DIRECT_OBJC_ISA_USAGE = YES_ERROR;
				CLANG_WARN_EMPTY_BODY = YES;
				CLANG_WARN_ENUM_CONVERSION = YES;
				CLANG_WARN_INFINITE_RECURSION = YES;
				CLANG_WARN_INT_CONVERSION = YES;
				CLANG_WARN_NON_LITERAL_NULL_CONVERSION = YES;
				CLANG_WARN_OBJC_IMPLICIT_RETAIN_SELF = YES;
				CLANG_WARN_OBJC_LITERAL_CONVERSION = YES;
				CLANG_WARN_OBJC_ROOT_CLASS = YES_ERROR;
				CLANG_WARN_RANGE_LOOP_ANALYSIS = YES;
				CLANG_WARN_STRICT_PROTOTYPES = YES;
				CLANG_WARN_SUSPICIOUS_MOVE = YES;
				CLANG_WARN_UNREACHABLE_CODE = YES;
				CLANG_WARN__DUPLICATE_METHOD_MATCH = YES;
				"CODE_SIGN_IDENTITY[sdk=iphoneos*]" = "iPhone Developer";
				COPY_PHASE_STRIP = NO;
				DEBUG_INFORMATION_FORMAT = "dwarf-with-dsym";
				ENABLE_NS_ASSERTIONS = NO;
				ENABLE_STRICT_OBJC_MSGSEND = YES;
				GCC_C_LANGUAGE_STANDARD = gnu99;
				GCC_NO_COMMON_BLOCKS = YES;
				GCC_WARN_64_TO_32_BIT_CONVERSION = YES;
				GCC_WARN_ABOUT_RETURN_TYPE = YES_ERROR;
				GCC_WARN_UNDECLARED_SELECTOR = YES;
				GCC_WARN_UNINITIALIZED_AUTOS = YES_AGGRESSIVE;
				GCC_WARN_UNUSED_FUNCTION = YES;
				GCC_WARN_UNUSED_VARIABLE = YES;
				IPHONEOS_DEPLOYMENT_TARGET = 9.3;
				MTL_ENABLE_DEBUG_INFO = NO;
				SDKROOT = iphoneos;
				SWIFT_COMPILATION_MODE = wholemodule;
				TARGETED_DEVICE_FAMILY = "1,2";
				VALIDATE_PRODUCT = YES;
			};
			name = Release;
		};
		1FC5504A1D5AB06500A7BC3E /* Debug */ = {
			isa = XCBuildConfiguration;
			buildSettings = {
				ASSETCATALOG_COMPILER_APPICON_NAME = AppIcon;
				DEVELOPMENT_TEAM = 5PK7JV6E62;
				INFOPLIST_FILE = ReduxWithSwift/Info.plist;
				IPHONEOS_DEPLOYMENT_TARGET = 8.0;
				LD_RUNPATH_SEARCH_PATHS = "$(inherited) @executable_path/Frameworks";
				PRODUCT_BUNDLE_IDENTIFIER = com.yy.ios.ReduxWithSwift;
				PRODUCT_NAME = "$(TARGET_NAME)";
				SWIFT_VERSION = 5.0;
			};
			name = Debug;
		};
		1FC5504B1D5AB06500A7BC3E /* Release */ = {
			isa = XCBuildConfiguration;
			buildSettings = {
				ASSETCATALOG_COMPILER_APPICON_NAME = AppIcon;
				DEVELOPMENT_TEAM = 5PK7JV6E62;
				INFOPLIST_FILE = ReduxWithSwift/Info.plist;
				IPHONEOS_DEPLOYMENT_TARGET = 8.0;
				LD_RUNPATH_SEARCH_PATHS = "$(inherited) @executable_path/Frameworks";
				PRODUCT_BUNDLE_IDENTIFIER = com.yy.ios.ReduxWithSwift;
				PRODUCT_NAME = "$(TARGET_NAME)";
				SWIFT_VERSION = 5.0;
			};
			name = Release;
		};
/* End XCBuildConfiguration section */

/* Begin XCConfigurationList section */
		1FC550321D5AB06400A7BC3E /* Build configuration list for PBXProject "ReduxWithSwift" */ = {
			isa = XCConfigurationList;
			buildConfigurations = (
				1FC550471D5AB06500A7BC3E /* Debug */,
				1FC550481D5AB06500A7BC3E /* Release */,
			);
			defaultConfigurationIsVisible = 0;
			defaultConfigurationName = Release;
		};
		1FC550491D5AB06500A7BC3E /* Build configuration list for PBXNativeTarget "ReduxWithSwift" */ = {
			isa = XCConfigurationList;
			buildConfigurations = (
				1FC5504A1D5AB06500A7BC3E /* Debug */,
				1FC5504B1D5AB06500A7BC3E /* Release */,
			);
			defaultConfigurationIsVisible = 0;
			defaultConfigurationName = Release;
		};
/* End XCConfigurationList section */
	};
	rootObject = 1FC5502F1D5AB06400A7BC3E /* Project object */;
}
