// !$*UTF8*$!
{
	archiveVersion = 1;
	classes = {
	};
	objectVersion = 46;
	objects = {

/* Begin PBXBuildFile section */
		1F1C07481D741E3800DE6929 /* XibDemo.swift in Sources */ = {isa = PBXBuildFile; fileRef = 1F1C07471D741E3800DE6929 /* XibDemo.swift */; };
		1F1C074B1D741E6000DE6929 /* XibDemo.xib in Resources */ = {isa = PBXBuildFile; fileRef = 1F1C074A1D741E6000DE6929 /* XibDemo.xib */; };
		1F1C074D1D741EEC00DE6929 /* XibView1.swift in Sources */ = {isa = PBXBuildFile; fileRef = 1F1C074C1D741EEC00DE6929 /* XibView1.swift */; };
		1F1C074F1D741EFB00DE6929 /* XibView1.xib in Resources */ = {isa = PBXBuildFile; fileRef = 1F1C074E1D741EFB00DE6929 /* XibView1.xib */; };
		1F1C07511D7425CE00DE6929 /* XibView2.swift in Sources */ = {isa = PBXBuildFile; fileRef = 1F1C07501D7425CE00DE6929 /* XibView2.swift */; };
		1F1C07531D7425DA00DE6929 /* XibView2.xib in Resources */ = {isa = PBXBuildFile; fileRef = 1F1C07521D7425DA00DE6929 /* XibView2.xib */; };
		1FC5503B1D5AB06500A7BC3E /* AppDelegate.swift in Sources */ = {isa = PBXBuildFile; fileRef = 1FC5503A1D5AB06500A7BC3E /* AppDelegate.swift */; };
		1FC5503D1D5AB06500A7BC3E /* ViewController.swift in Sources */ = {isa = PBXBuildFile; fileRef = 1FC5503C1D5AB06500A7BC3E /* ViewController.swift */; };
		1FC550401D5AB06500A7BC3E /* Main.storyboard in Resources */ = {isa = PBXBuildFile; fileRef = 1FC5503E1D5AB06500A7BC3E /* Main.storyboard */; };
		1FC550421D5AB06500A7BC3E /* Assets.xcassets in Resources */ = {isa = PBXBuildFile; fileRef = 1FC550411D5AB06500A7BC3E /* Assets.xcassets */; };
		1FC550451D5AB06500A7BC3E /* LaunchScreen.storyboard in Resources */ = {isa = PBXBuildFile; fileRef = 1FC550431D5AB06500A7BC3E /* LaunchScreen.storyboard */; };
		1FC5509A1D5AB34900A7BC3E /* TodoFooter.swift in Sources */ = {isa = PBXBuildFile; fileRef = 1FC5508A1D5AB34900A7BC3E /* TodoFooter.swift */; };
		1FC5509B1D5AB34900A7BC3E /* TodoFooter.xib in Resources */ = {isa = PBXBuildFile; fileRef = 1FC5508B1D5AB34900A7BC3E /* TodoFooter.xib */; };
		1FC5509C1D5AB34900A7BC3E /* TodoHeader.swift in Sources */ = {isa = PBXBuildFile; fileRef = 1FC5508C1D5AB34900A7BC3E /* TodoHeader.swift */; };
		1FC5509D1D5AB34900A7BC3E /* TodoHeader.xib in Resources */ = {isa = PBXBuildFile; fileRef = 1FC5508D1D5AB34900A7BC3E /* TodoHeader.xib */; };
		1FC5509E1D5AB34900A7BC3E /* TodoList.swift in Sources */ = {isa = PBXBuildFile; fileRef = 1FC5508E1D5AB34900A7BC3E /* TodoList.swift */; };
		1FC5509F1D5AB34900A7BC3E /* TodoList.xib in Resources */ = {isa = PBXBuildFile; fileRef = 1FC5508F1D5AB34900A7BC3E /* TodoList.xib */; };
		1FC550A01D5AB34900A7BC3E /* TodoListAction.swift in Sources */ = {isa = PBXBuildFile; fileRef = 1FC550921D5AB34900A7BC3E /* TodoListAction.swift */; };
		1FC550A11D5AB34900A7BC3E /* TodoListReducer.swift in Sources */ = {isa = PBXBuildFile; fileRef = 1FC550941D5AB34900A7BC3E /* TodoListReducer.swift */; };
		1FC550A21D5AB34900A7BC3E /* TodoListReduxDemo.swift in Sources */ = {isa = PBXBuildFile; fileRef = 1FC550951D5AB34900A7BC3E /* TodoListReduxDemo.swift */; };
		1FC550A31D5AB34900A7BC3E /* TodoListReduxDemo.xib in Resources */ = {isa = PBXBuildFile; fileRef = 1FC550961D5AB34900A7BC3E /* TodoListReduxDemo.xib */; };
		1FC550A41D5AB34900A7BC3E /* TodoListDemo.swift in Sources */ = {isa = PBXBuildFile; fileRef = 1FC550981D5AB34900A7BC3E /* TodoListDemo.swift */; };
		1FC550A51D5AB34900A7BC3E /* TodoListDemo.xib in Resources */ = {isa = PBXBuildFile; fileRef = 1FC550991D5AB34900A7BC3E /* TodoListDemo.xib */; };
		EE7E483B1D78027000576A90 /* XibView3.swift in Sources */ = {isa = PBXBuildFile; fileRef = EE7E483A1D78027000576A90 /* XibView3.swift */; };
		EE7E483E1D7802AE00576A90 /* XibView3.xib in Resources */ = {isa = PBXBuildFile; fileRef = EE7E483D1D7802AE00576A90 /* XibView3.xib */; };
		EE9E0D6A1D90C80C0035A78B /* Action.swift in Sources */ = {isa = PBXBuildFile; fileRef = EE9E0D5A1D90C80C0035A78B /* Action.swift */; };
		EE9E0D6B1D90C80C0035A78B /* CombinedReducer.swift in Sources */ = {isa = PBXBuildFile; fileRef = EE9E0D5B1D90C80C0035A78B /* CombinedReducer.swift */; };
		EE9E0D6C1D90C80C0035A78B /* Middleware.swift in Sources */ = {isa = PBXBuildFile; fileRef = EE9E0D5C1D90C80C0035A78B /* Middleware.swift */; };
		EE9E0D6D1D90C80C0035A78B /* Reducer.swift in Sources */ = {isa = PBXBuildFile; fileRef = EE9E0D5D1D90C80C0035A78B /* Reducer.swift */; };
		EE9E0D6E1D90C80C0035A78B /* State.swift in Sources */ = {isa = PBXBuildFile; fileRef = EE9E0D5E1D90C80C0035A78B /* State.swift */; };
		EE9E0D6F1D90C80C0035A78B /* Store.swift in Sources */ = {isa = PBXBuildFile; fileRef = EE9E0D5F1D90C80C0035A78B /* Store.swift */; };
		EE9E0D701D90C80C0035A78B /* StoreSubscriber.swift in Sources */ = {isa = PBXBuildFile; fileRef = EE9E0D601D90C80C0035A78B /* StoreSubscriber.swift */; };
		EE9E0D711D90C80C0035A78B /* StoreType.swift in Sources */ = {isa = PBXBuildFile; fileRef = EE9E0D611D90C80C0035A78B /* StoreType.swift */; };
		EE9E0D721D90C80C0035A78B /* Subscription.swift in Sources */ = {isa = PBXBuildFile; fileRef = EE9E0D621D90C80C0035A78B /* Subscription.swift */; };
		EE9E0D731D90C80C0035A78B /* Info.plist in Resources */ = {isa = PBXBuildFile; fileRef = EE9E0D631D90C80C0035A78B /* Info.plist */; };
		EE9E0D741D90C80C0035A78B /* Assertions.swift in Sources */ = {isa = PBXBuildFile; fileRef = EE9E0D661D90C80C0035A78B /* Assertions.swift */; };
		EE9E0D751D90C80C0035A78B /* Coding.swift in Sources */ = {isa = PBXBuildFile; fileRef = EE9E0D671D90C80C0035A78B /* Coding.swift */; };
		EE9E0D761D90C80C0035A78B /* Swift+Compatibility.swift in Sources */ = {isa = PBXBuildFile; fileRef = EE9E0D681D90C80C0035A78B /* Swift+Compatibility.swift */; };
		EE9E0D771D90C80C0035A78B /* TypeHelper.swift in Sources */ = {isa = PBXBuildFile; fileRef = EE9E0D691D90C80C0035A78B /* TypeHelper.swift */; };
		EE9E0DBD1D90C8550035A78B /* Info.plist in Resources */ = {isa = PBXBuildFile; fileRef = EE9E0D791D90C8550035A78B /* Info.plist */; };
		EE9E0DBE1D90C8550035A78B /* Array+YYSDK.swift in Sources */ = {isa = PBXBuildFile; fileRef = EE9E0D7D1D90C8550035A78B /* Array+YYSDK.swift */; };
		EE9E0DBF1D90C8550035A78B /* BooleanType+YYSDK.swift in Sources */ = {isa = PBXBuildFile; fileRef = EE9E0D7F1D90C8550035A78B /* BooleanType+YYSDK.swift */; };
		EE9E0DC01D90C8550035A78B /* NSData+YYSDK.swift in Sources */ = {isa = PBXBuildFile; fileRef = EE9E0D811D90C8550035A78B /* NSData+YYSDK.swift */; };
		EE9E0DC11D90C8550035A78B /* Date+YYSDK.swift in Sources */ = {isa = PBXBuildFile; fileRef = EE9E0D831D90C8550035A78B /* Date+YYSDK.swift */; };
		EE9E0DC21D90C8550035A78B /* Dictionary+YYSDK.swift in Sources */ = {isa = PBXBuildFile; fileRef = EE9E0D851D90C8550035A78B /* Dictionary+YYSDK.swift */; };
		EE9E0DC31D90C8550035A78B /* NSObject+YYSDK.swift in Sources */ = {isa = PBXBuildFile; fileRef = EE9E0D871D90C8550035A78B /* NSObject+YYSDK.swift */; };
		EE9E0DC41D90C8550035A78B /* NSAttributedString+YYSDK.swift in Sources */ = {isa = PBXBuildFile; fileRef = EE9E0D891D90C8550035A78B /* NSAttributedString+YYSDK.swift */; };
		EE9E0DC51D90C8550035A78B /* String+YYSDK.swift in Sources */ = {isa = PBXBuildFile; fileRef = EE9E0D8A1D90C8550035A78B /* String+YYSDK.swift */; };
		EE9E0DC61D90C8550035A78B /* SKView+YYSDK.swift in Sources */ = {isa = PBXBuildFile; fileRef = EE9E0D8D1D90C8550035A78B /* SKView+YYSDK.swift */; };
		EE9E0DC71D90C8550035A78B /* UIButton+YYSDK.swift in Sources */ = {isa = PBXBuildFile; fileRef = EE9E0D901D90C8550035A78B /* UIButton+YYSDK.swift */; };
		EE9E0DC81D90C8550035A78B /* UIColor+YYSDK.swift in Sources */ = {isa = PBXBuildFile; fileRef = EE9E0D921D90C8550035A78B /* UIColor+YYSDK.swift */; };
		EE9E0DC91D90C8550035A78B /* UIImage+YYSDK.swift in Sources */ = {isa = PBXBuildFile; fileRef = EE9E0D941D90C8550035A78B /* UIImage+YYSDK.swift */; };
		EE9E0DCA1D90C8550035A78B /* UINavigationBar+YYSDK.swift in Sources */ = {isa = PBXBuildFile; fileRef = EE9E0D951D90C8550035A78B /* UINavigationBar+YYSDK.swift */; };
		EE9E0DCB1D90C8550035A78B /* UIPanGestureRecognizer+YYSDK.swift in Sources */ = {isa = PBXBuildFile; fileRef = EE9E0D971D90C8550035A78B /* UIPanGestureRecognizer+YYSDK.swift */; };
		EE9E0DCC1D90C8550035A78B /* UIScrollView+YYSDK.swift in Sources */ = {isa = PBXBuildFile; fileRef = EE9E0D991D90C8550035A78B /* UIScrollView+YYSDK.swift */; };
		EE9E0DCD1D90C8550035A78B /* UITabBarController+YYSDK.swift in Sources */ = {isa = PBXBuildFile; fileRef = EE9E0D9B1D90C8550035A78B /* UITabBarController+YYSDK.swift */; };
		EE9E0DCE1D90C8550035A78B /* UITableView+YYSDK.swift in Sources */ = {isa = PBXBuildFile; fileRef = EE9E0D9D1D90C8550035A78B /* UITableView+YYSDK.swift */; };
		EE9E0DCF1D90C8550035A78B /* UIView+YYSDK.swift in Sources */ = {isa = PBXBuildFile; fileRef = EE9E0D9F1D90C8550035A78B /* UIView+YYSDK.swift */; };
		EE9E0DD01D90C8550035A78B /* ViewController+YYSDK.swift in Sources */ = {isa = PBXBuildFile; fileRef = EE9E0DA11D90C8550035A78B /* ViewController+YYSDK.swift */; };
		EE9E0DD11D90C8550035A78B /* UIWebView+YYSDK.swift in Sources */ = {isa = PBXBuildFile; fileRef = EE9E0DA31D90C8550035A78B /* UIWebView+YYSDK.swift */; };
		EE9E0DD21D90C8550035A78B /* WKWebView+YYSDK.swift in Sources */ = {isa = PBXBuildFile; fileRef = EE9E0DA51D90C8550035A78B /* WKWebView+YYSDK.swift */; };
		EE9E0DD31D90C8550035A78B /* YYClosure.swift in Sources */ = {isa = PBXBuildFile; fileRef = EE9E0DA71D90C8550035A78B /* YYClosure.swift */; };
		EE9E0DD41D90C8550035A78B /* YYEnum.swift in Sources */ = {isa = PBXBuildFile; fileRef = EE9E0DA81D90C8550035A78B /* YYEnum.swift */; };
		EE9E0DD51D90C8550035A78B /* YYProtocol.swift in Sources */ = {isa = PBXBuildFile; fileRef = EE9E0DA91D90C8550035A78B /* YYProtocol.swift */; };
		EE9E0DD61D90C8550035A78B /* YYStruct.swift in Sources */ = {isa = PBXBuildFile; fileRef = EE9E0DAA1D90C8550035A78B /* YYStruct.swift */; };
		EE9E0DD71D90C8550035A78B /* YYSystemNotification.swift in Sources */ = {isa = PBXBuildFile; fileRef = EE9E0DAB1D90C8550035A78B /* YYSystemNotification.swift */; };
		EE9E0DD81D90C8550035A78B /* YYAnimation.swift in Sources */ = {isa = PBXBuildFile; fileRef = EE9E0DAD1D90C8550035A78B /* YYAnimation.swift */; };
		EE9E0DD91D90C8550035A78B /* YYButton.swift in Sources */ = {isa = PBXBuildFile; fileRef = EE9E0DAE1D90C8550035A78B /* YYButton.swift */; };
		EE9E0DDA1D90C8550035A78B /* YYDim.swift in Sources */ = {isa = PBXBuildFile; fileRef = EE9E0DAF1D90C8550035A78B /* YYDim.swift */; };
		EE9E0DDB1D90C8550035A78B /* YYGCD.swift in Sources */ = {isa = PBXBuildFile; fileRef = EE9E0DB01D90C8550035A78B /* YYGCD.swift */; };
		EE9E0DDC1D90C8550035A78B /* YYGCDGroup.swift in Sources */ = {isa = PBXBuildFile; fileRef = EE9E0DB11D90C8550035A78B /* YYGCDGroup.swift */; };
		EE9E0DDD1D90C8550035A78B /* YYImageBrowser.swift in Sources */ = {isa = PBXBuildFile; fileRef = EE9E0DB21D90C8550035A78B /* YYImageBrowser.swift */; };
		EE9E0DDE1D90C8550035A78B /* YYImageView.swift in Sources */ = {isa = PBXBuildFile; fileRef = EE9E0DB31D90C8550035A78B /* YYImageView.swift */; };
		EE9E0DDF1D90C8550035A78B /* YYLabel.swift in Sources */ = {isa = PBXBuildFile; fileRef = EE9E0DB41D90C8550035A78B /* YYLabel.swift */; };
		EE9E0DE01D90C8550035A78B /* YYRefresh.bundle in Resources */ = {isa = PBXBuildFile; fileRef = EE9E0DB61D90C8550035A78B /* YYRefresh.bundle */; };
		EE9E0DE11D90C8550035A78B /* YYRefresh.swift in Sources */ = {isa = PBXBuildFile; fileRef = EE9E0DB71D90C8550035A78B /* YYRefresh.swift */; };
		EE9E0DE21D90C8550035A78B /* YYRefreshFoundation.swift in Sources */ = {isa = PBXBuildFile; fileRef = EE9E0DB81D90C8550035A78B /* YYRefreshFoundation.swift */; };
		EE9E0DE31D90C8550035A78B /* YYRefreshView.swift in Sources */ = {isa = PBXBuildFile; fileRef = EE9E0DB91D90C8550035A78B /* YYRefreshView.swift */; };
		EE9E0DE41D90C8550035A78B /* YYView.swift in Sources */ = {isa = PBXBuildFile; fileRef = EE9E0DBA1D90C8550035A78B /* YYView.swift */; };
		EE9E0DE51D90C8550035A78B /* YYXibView.swift in Sources */ = {isa = PBXBuildFile; fileRef = EE9E0DBB1D90C8550035A78B /* YYXibView.swift */; };
/* End PBXBuildFile section */

/* Begin PBXFileReference section */
		1F1C07471D741E3800DE6929 /* XibDemo.swift */ = {isa = PBXFileReference; fileEncoding = 4; lastKnownFileType = sourcecode.swift; path = XibDemo.swift; sourceTree = "<group>"; };
		1F1C074A1D741E6000DE6929 /* XibDemo.xib */ = {isa = PBXFileReference; fileEncoding = 4; lastKnownFileType = file.xib; path = XibDemo.xib; sourceTree = "<group>"; };
		1F1C074C1D741EEC00DE6929 /* XibView1.swift */ = {isa = PBXFileReference; fileEncoding = 4; lastKnownFileType = sourcecode.swift; path = XibView1.swift; sourceTree = "<group>"; };
		1F1C074E1D741EFB00DE6929 /* XibView1.xib */ = {isa = PBXFileReference; fileEncoding = 4; lastKnownFileType = file.xib; path = XibView1.xib; sourceTree = "<group>"; };
		1F1C07501D7425CE00DE6929 /* XibView2.swift */ = {isa = PBXFileReference; fileEncoding = 4; lastKnownFileType = sourcecode.swift; path = XibView2.swift; sourceTree = "<group>"; };
		1F1C07521D7425DA00DE6929 /* XibView2.xib */ = {isa = PBXFileReference; fileEncoding = 4; lastKnownFileType = file.xib; path = XibView2.xib; sourceTree = "<group>"; };
		1FC550371D5AB06400A7BC3E /* ReduxWithSwift.app */ = {isa = PBXFileReference; explicitFileType = wrapper.application; includeInIndex = 0; path = ReduxWithSwift.app; sourceTree = BUILT_PRODUCTS_DIR; };
		1FC5503A1D5AB06500A7BC3E /* AppDelegate.swift */ = {isa = PBXFileReference; lastKnownFileType = sourcecode.swift; path = AppDelegate.swift; sourceTree = "<group>"; };
		1FC5503C1D5AB06500A7BC3E /* ViewController.swift */ = {isa = PBXFileReference; lastKnownFileType = sourcecode.swift; path = ViewController.swift; sourceTree = "<group>"; };
		1FC5503F1D5AB06500A7BC3E /* Base */ = {isa = PBXFileReference; lastKnownFileType = file.storyboard; name = Base; path = Base.lproj/Main.storyboard; sourceTree = "<group>"; };
		1FC550411D5AB06500A7BC3E /* Assets.xcassets */ = {isa = PBXFileReference; lastKnownFileType = folder.assetcatalog; path = Assets.xcassets; sourceTree = "<group>"; };
		1FC550441D5AB06500A7BC3E /* Base */ = {isa = PBXFileReference; lastKnownFileType = file.storyboard; name = Base; path = Base.lproj/LaunchScreen.storyboard; sourceTree = "<group>"; };
		1FC550461D5AB06500A7BC3E /* Info.plist */ = {isa = PBXFileReference; lastKnownFileType = text.plist.xml; path = Info.plist; sourceTree = "<group>"; };
		1FC5508A1D5AB34900A7BC3E /* TodoFooter.swift */ = {isa = PBXFileReference; fileEncoding = 4; lastKnownFileType = sourcecode.swift; path = TodoFooter.swift; sourceTree = "<group>"; };
		1FC5508B1D5AB34900A7BC3E /* TodoFooter.xib */ = {isa = PBXFileReference; fileEncoding = 4; lastKnownFileType = file.xib; path = TodoFooter.xib; sourceTree = "<group>"; };
		1FC5508C1D5AB34900A7BC3E /* TodoHeader.swift */ = {isa = PBXFileReference; fileEncoding = 4; lastKnownFileType = sourcecode.swift; path = TodoHeader.swift; sourceTree = "<group>"; };
		1FC5508D1D5AB34900A7BC3E /* TodoHeader.xib */ = {isa = PBXFileReference; fileEncoding = 4; lastKnownFileType = file.xib; path = TodoHeader.xib; sourceTree = "<group>"; };
		1FC5508E1D5AB34900A7BC3E /* TodoList.swift */ = {isa = PBXFileReference; fileEncoding = 4; lastKnownFileType = sourcecode.swift; path = TodoList.swift; sourceTree = "<group>"; };
		1FC5508F1D5AB34900A7BC3E /* TodoList.xib */ = {isa = PBXFileReference; fileEncoding = 4; lastKnownFileType = file.xib; path = TodoList.xib; sourceTree = "<group>"; };
		1FC550921D5AB34900A7BC3E /* TodoListAction.swift */ = {isa = PBXFileReference; fileEncoding = 4; lastKnownFileType = sourcecode.swift; path = TodoListAction.swift; sourceTree = "<group>"; };
		1FC550941D5AB34900A7BC3E /* TodoListReducer.swift */ = {isa = PBXFileReference; fileEncoding = 4; lastKnownFileType = sourcecode.swift; path = TodoListReducer.swift; sourceTree = "<group>"; };
		1FC550951D5AB34900A7BC3E /* TodoListReduxDemo.swift */ = {isa = PBXFileReference; fileEncoding = 4; lastKnownFileType = sourcecode.swift; path = TodoListReduxDemo.swift; sourceTree = "<group>"; };
		1FC550961D5AB34900A7BC3E /* TodoListReduxDemo.xib */ = {isa = PBXFileReference; fileEncoding = 4; lastKnownFileType = file.xib; path = TodoListReduxDemo.xib; sourceTree = "<group>"; };
		1FC550981D5AB34900A7BC3E /* TodoListDemo.swift */ = {isa = PBXFileReference; fileEncoding = 4; lastKnownFileType = sourcecode.swift; path = TodoListDemo.swift; sourceTree = "<group>"; };
		1FC550991D5AB34900A7BC3E /* TodoListDemo.xib */ = {isa = PBXFileReference; fileEncoding = 4; lastKnownFileType = file.xib; path = TodoListDemo.xib; sourceTree = "<group>"; };
		EE7E483A1D78027000576A90 /* XibView3.swift */ = {isa = PBXFileReference; fileEncoding = 4; lastKnownFileType = sourcecode.swift; path = XibView3.swift; sourceTree = "<group>"; };
		EE7E483D1D7802AE00576A90 /* XibView3.xib */ = {isa = PBXFileReference; fileEncoding = 4; lastKnownFileType = file.xib; path = XibView3.xib; sourceTree = "<group>"; };
		EE9E0D5A1D90C80C0035A78B /* Action.swift */ = {isa = PBXFileReference; fileEncoding = 4; lastKnownFileType = sourcecode.swift; path = Action.swift; sourceTree = "<group>"; };
		EE9E0D5B1D90C80C0035A78B /* CombinedReducer.swift */ = {isa = PBXFileReference; fileEncoding = 4; lastKnownFileType = sourcecode.swift; path = CombinedReducer.swift; sourceTree = "<group>"; };
		EE9E0D5C1D90C80C0035A78B /* Middleware.swift */ = {isa = PBXFileReference; fileEncoding = 4; lastKnownFileType = sourcecode.swift; path = Middleware.swift; sourceTree = "<group>"; };
		EE9E0D5D1D90C80C0035A78B /* Reducer.swift */ = {isa = PBXFileReference; fileEncoding = 4; lastKnownFileType = sourcecode.swift; path = Reducer.swift; sourceTree = "<group>"; };
		EE9E0D5E1D90C80C0035A78B /* State.swift */ = {isa = PBXFileReference; fileEncoding = 4; lastKnownFileType = sourcecode.swift; path = State.swift; sourceTree = "<group>"; };
		EE9E0D5F1D90C80C0035A78B /* Store.swift */ = {isa = PBXFileReference; fileEncoding = 4; lastKnownFileType = sourcecode.swift; path = Store.swift; sourceTree = "<group>"; };
		EE9E0D601D90C80C0035A78B /* StoreSubscriber.swift */ = {isa = PBXFileReference; fileEncoding = 4; lastKnownFileType = sourcecode.swift; path = StoreSubscriber.swift; sourceTree = "<group>"; };
		EE9E0D611D90C80C0035A78B /* StoreType.swift */ = {isa = PBXFileReference; fileEncoding = 4; lastKnownFileType = sourcecode.swift; path = StoreType.swift; sourceTree = "<group>"; };
		EE9E0D621D90C80C0035A78B /* Subscription.swift */ = {isa = PBXFileReference; fileEncoding = 4; lastKnownFileType = sourcecode.swift; path = Subscription.swift; sourceTree = "<group>"; };
		EE9E0D631D90C80C0035A78B /* Info.plist */ = {isa = PBXFileReference; fileEncoding = 4; lastKnownFileType = text.plist.xml; path = Info.plist; sourceTree = "<group>"; };
		EE9E0D641D90C80C0035A78B /* ReSwift.h */ = {isa = PBXFileReference; fileEncoding = 4; lastKnownFileType = sourcecode.c.h; path = ReSwift.h; sourceTree = "<group>"; };
		EE9E0D661D90C80C0035A78B /* Assertions.swift */ = {isa = PBXFileReference; fileEncoding = 4; lastKnownFileType = sourcecode.swift; path = Assertions.swift; sourceTree = "<group>"; };
		EE9E0D671D90C80C0035A78B /* Coding.swift */ = {isa = PBXFileReference; fileEncoding = 4; lastKnownFileType = sourcecode.swift; path = Coding.swift; sourceTree = "<group>"; };
		EE9E0D681D90C80C0035A78B /* Swift+Compatibility.swift */ = {isa = PBXFileReference; fileEncoding = 4; lastKnownFileType = sourcecode.swift; path = "Swift+Compatibility.swift"; sourceTree = "<group>"; };
		EE9E0D691D90C80C0035A78B /* TypeHelper.swift */ = {isa = PBXFileReference; fileEncoding = 4; lastKnownFileType = sourcecode.swift; path = TypeHelper.swift; sourceTree = "<group>"; };
		EE9E0D791D90C8550035A78B /* Info.plist */ = {isa = PBXFileReference; fileEncoding = 4; lastKnownFileType = text.plist.xml; path = Info.plist; sourceTree = "<group>"; };
		EE9E0D7D1D90C8550035A78B /* Array+YYSDK.swift */ = {isa = PBXFileReference; fileEncoding = 4; lastKnownFileType = sourcecode.swift; path = "Array+YYSDK.swift"; sourceTree = "<group>"; };
		EE9E0D7F1D90C8550035A78B /* BooleanType+YYSDK.swift */ = {isa = PBXFileReference; fileEncoding = 4; lastKnownFileType = sourcecode.swift; path = "BooleanType+YYSDK.swift"; sourceTree = "<group>"; };
		EE9E0D811D90C8550035A78B /* NSData+YYSDK.swift */ = {isa = PBXFileReference; fileEncoding = 4; lastKnownFileType = sourcecode.swift; path = "NSData+YYSDK.swift"; sourceTree = "<group>"; };
		EE9E0D831D90C8550035A78B /* Date+YYSDK.swift */ = {isa = PBXFileReference; fileEncoding = 4; lastKnownFileType = sourcecode.swift; path = "Date+YYSDK.swift"; sourceTree = "<group>"; };
		EE9E0D851D90C8550035A78B /* Dictionary+YYSDK.swift */ = {isa = PBXFileReference; fileEncoding = 4; lastKnownFileType = sourcecode.swift; path = "Dictionary+YYSDK.swift"; sourceTree = "<group>"; };
		EE9E0D871D90C8550035A78B /* NSObject+YYSDK.swift */ = {isa = PBXFileReference; fileEncoding = 4; lastKnownFileType = sourcecode.swift; path = "NSObject+YYSDK.swift"; sourceTree = "<group>"; };
		EE9E0D891D90C8550035A78B /* NSAttributedString+YYSDK.swift */ = {isa = PBXFileReference; fileEncoding = 4; lastKnownFileType = sourcecode.swift; path = "NSAttributedString+YYSDK.swift"; sourceTree = "<group>"; };
		EE9E0D8A1D90C8550035A78B /* String+YYSDK.swift */ = {isa = PBXFileReference; fileEncoding = 4; lastKnownFileType = sourcecode.swift; path = "String+YYSDK.swift"; sourceTree = "<group>"; };
		EE9E0D8D1D90C8550035A78B /* SKView+YYSDK.swift */ = {isa = PBXFileReference; fileEncoding = 4; lastKnownFileType = sourcecode.swift; path = "SKView+YYSDK.swift"; sourceTree = "<group>"; };
		EE9E0D901D90C8550035A78B /* UIButton+YYSDK.swift */ = {isa = PBXFileReference; fileEncoding = 4; lastKnownFileType = sourcecode.swift; path = "UIButton+YYSDK.swift"; sourceTree = "<group>"; };
		EE9E0D921D90C8550035A78B /* UIColor+YYSDK.swift */ = {isa = PBXFileReference; fileEncoding = 4; lastKnownFileType = sourcecode.swift; path = "UIColor+YYSDK.swift"; sourceTree = "<group>"; };
		EE9E0D941D90C8550035A78B /* UIImage+YYSDK.swift */ = {isa = PBXFileReference; fileEncoding = 4; lastKnownFileType = sourcecode.swift; path = "UIImage+YYSDK.swift"; sourceTree = "<group>"; };
		EE9E0D951D90C8550035A78B /* UINavigationBar+YYSDK.swift */ = {isa = PBXFileReference; fileEncoding = 4; lastKnownFileType = sourcecode.swift; path = "UINavigationBar+YYSDK.swift"; sourceTree = "<group>"; };
		EE9E0D971D90C8550035A78B /* UIPanGestureRecognizer+YYSDK.swift */ = {isa = PBXFileReference; fileEncoding = 4; lastKnownFileType = sourcecode.swift; path = "UIPanGestureRecognizer+YYSDK.swift"; sourceTree = "<group>"; };
		EE9E0D991D90C8550035A78B /* UIScrollView+YYSDK.swift */ = {isa = PBXFileReference; fileEncoding = 4; lastKnownFileType = sourcecode.swift; path = "UIScrollView+YYSDK.swift"; sourceTree = "<group>"; };
		EE9E0D9B1D90C8550035A78B /* UITabBarController+YYSDK.swift */ = {isa = PBXFileReference; fileEncoding = 4; lastKnownFileType = sourcecode.swift; path = "UITabBarController+YYSDK.swift"; sourceTree = "<group>"; };
		EE9E0D9D1D90C8550035A78B /* UITableView+YYSDK.swift */ = {isa = PBXFileReference; fileEncoding = 4; lastKnownFileType = sourcecode.swift; path = "UITableView+YYSDK.swift"; sourceTree = "<group>"; };
		EE9E0D9F1D90C8550035A78B /* UIView+YYSDK.swift */ = {isa = PBXFileReference; fileEncoding = 4; lastKnownFileType = sourcecode.swift; path = "UIView+YYSDK.swift"; sourceTree = "<group>"; };
		EE9E0DA11D90C8550035A78B /* ViewController+YYSDK.swift */ = {isa = PBXFileReference; fileEncoding = 4; lastKnownFileType = sourcecode.swift; path = "ViewController+YYSDK.swift"; sourceTree = "<group>"; };
		EE9E0DA31D90C8550035A78B /* UIWebView+YYSDK.swift */ = {isa = PBXFileReference; fileEncoding = 4; lastKnownFileType = sourcecode.swift; path = "UIWebView+YYSDK.swift"; sourceTree = "<group>"; };
		EE9E0DA51D90C8550035A78B /* WKWebView+YYSDK.swift */ = {isa = PBXFileReference; fileEncoding = 4; lastKnownFileType = sourcecode.swift; path = "WKWebView+YYSDK.swift"; sourceTree = "<group>"; };
		EE9E0DA71D90C8550035A78B /* YYClosure.swift */ = {isa = PBXFileReference; fileEncoding = 4; lastKnownFileType = sourcecode.swift; path = YYClosure.swift; sourceTree = "<group>"; };
		EE9E0DA81D90C8550035A78B /* YYEnum.swift */ = {isa = PBXFileReference; fileEncoding = 4; lastKnownFileType = sourcecode.swift; path = YYEnum.swift; sourceTree = "<group>"; };
		EE9E0DA91D90C8550035A78B /* YYProtocol.swift */ = {isa = PBXFileReference; fileEncoding = 4; lastKnownFileType = sourcecode.swift; path = YYProtocol.swift; sourceTree = "<group>"; };
		EE9E0DAA1D90C8550035A78B /* YYStruct.swift */ = {isa = PBXFileReference; fileEncoding = 4; lastKnownFileType = sourcecode.swift; path = YYStruct.swift; sourceTree = "<group>"; };
		EE9E0DAB1D90C8550035A78B /* YYSystemNotification.swift */ = {isa = PBXFileReference; fileEncoding = 4; lastKnownFileType = sourcecode.swift; path = YYSystemNotification.swift; sourceTree = "<group>"; };
		EE9E0DAD1D90C8550035A78B /* YYAnimation.swift */ = {isa = PBXFileReference; fileEncoding = 4; lastKnownFileType = sourcecode.swift; path = YYAnimation.swift; sourceTree = "<group>"; };
		EE9E0DAE1D90C8550035A78B /* YYButton.swift */ = {isa = PBXFileReference; fileEncoding = 4; lastKnownFileType = sourcecode.swift; path = YYButton.swift; sourceTree = "<group>"; };
		EE9E0DAF1D90C8550035A78B /* YYDim.swift */ = {isa = PBXFileReference; fileEncoding = 4; lastKnownFileType = sourcecode.swift; path = YYDim.swift; sourceTree = "<group>"; };
		EE9E0DB01D90C8550035A78B /* YYGCD.swift */ = {isa = PBXFileReference; fileEncoding = 4; lastKnownFileType = sourcecode.swift; path = YYGCD.swift; sourceTree = "<group>"; };
		EE9E0DB11D90C8550035A78B /* YYGCDGroup.swift */ = {isa = PBXFileReference; fileEncoding = 4; lastKnownFileType = sourcecode.swift; path = YYGCDGroup.swift; sourceTree = "<group>"; };
		EE9E0DB21D90C8550035A78B /* YYImageBrowser.swift */ = {isa = PBXFileReference; fileEncoding = 4; lastKnownFileType = sourcecode.swift; path = YYImageBrowser.swift; sourceTree = "<group>"; };
		EE9E0DB31D90C8550035A78B /* YYImageView.swift */ = {isa = PBXFileReference; fileEncoding = 4; lastKnownFileType = sourcecode.swift; path = YYImageView.swift; sourceTree = "<group>"; };
		EE9E0DB41D90C8550035A78B /* YYLabel.swift */ = {isa = PBXFileReference; fileEncoding = 4; lastKnownFileType = sourcecode.swift; path = YYLabel.swift; sourceTree = "<group>"; };
		EE9E0DB61D90C8550035A78B /* YYRefresh.bundle */ = {isa = PBXFileReference; lastKnownFileType = "wrapper.plug-in"; path = YYRefresh.bundle; sourceTree = "<group>"; };
		EE9E0DB71D90C8550035A78B /* YYRefresh.swift */ = {isa = PBXFileReference; fileEncoding = 4; lastKnownFileType = sourcecode.swift; path = YYRefresh.swift; sourceTree = "<group>"; };
		EE9E0DB81D90C8550035A78B /* YYRefreshFoundation.swift */ = {isa = PBXFileReference; fileEncoding = 4; lastKnownFileType = sourcecode.swift; path = YYRefreshFoundation.swift; sourceTree = "<group>"; };
		EE9E0DB91D90C8550035A78B /* YYRefreshView.swift */ = {isa = PBXFileReference; fileEncoding = 4; lastKnownFileType = sourcecode.swift; path = YYRefreshView.swift; sourceTree = "<group>"; };
		EE9E0DBA1D90C8550035A78B /* YYView.swift */ = {isa = PBXFileReference; fileEncoding = 4; lastKnownFileType = sourcecode.swift; path = YYView.swift; sourceTree = "<group>"; };
		EE9E0DBB1D90C8550035A78B /* YYXibView.swift */ = {isa = PBXFileReference; fileEncoding = 4; lastKnownFileType = sourcecode.swift; path = YYXibView.swift; sourceTree = "<group>"; };
		EE9E0DBC1D90C8550035A78B /* YYSDK.h */ = {isa = PBXFileReference; fileEncoding = 4; lastKnownFileType = sourcecode.c.h; path = YYSDK.h; sourceTree = "<group>"; };
/* End PBXFileReference section */

/* Begin PBXFrameworksBuildPhase section */
		1FC550341D5AB06400A7BC3E /* Frameworks */ = {
			isa = PBXFrameworksBuildPhase;
			buildActionMask = 2147483647;
			files = (
			);
			runOnlyForDeploymentPostprocessing = 0;
		};
/* End PBXFrameworksBuildPhase section */

/* Begin PBXGroup section */
		1F1C07491D741E3C00DE6929 /* Xib模块化 */ = {
			isa = PBXGroup;
			children = (
				1F1C07541D74315700DE6929 /* XibView1 */,
				1F1C07551D74315C00DE6929 /* XibView2 */,
				EE7E483C1D78027600576A90 /* XibView3 */,
				1F1C07471D741E3800DE6929 /* XibDemo.swift */,
				1F1C074A1D741E6000DE6929 /* XibDemo.xib */,
			);
			path = "Xib模块化";
			sourceTree = "<group>";
		};
		1F1C07541D74315700DE6929 /* XibView1 */ = {
			isa = PBXGroup;
			children = (
				1F1C074C1D741EEC00DE6929 /* XibView1.swift */,
				1F1C074E1D741EFB00DE6929 /* XibView1.xib */,
			);
			path = XibView1;
			sourceTree = "<group>";
		};
		1F1C07551D74315C00DE6929 /* XibView2 */ = {
			isa = PBXGroup;
			children = (
				1F1C07501D7425CE00DE6929 /* XibView2.swift */,
				1F1C07521D7425DA00DE6929 /* XibView2.xib */,
			);
			path = XibView2;
			sourceTree = "<group>";
		};
		1FC5502E1D5AB06400A7BC3E = {
			isa = PBXGroup;
			children = (
				1FC550381D5AB06400A7BC3E /* Products */,
				1FC550391D5AB06500A7BC3E /* ReduxWithSwift */,
			);
			sourceTree = "<group>";
		};
		1FC550381D5AB06400A7BC3E /* Products */ = {
			isa = PBXGroup;
			children = (
				1FC550371D5AB06400A7BC3E /* ReduxWithSwift.app */,
			);
			name = Products;
			sourceTree = "<group>";
		};
		1FC550391D5AB06500A7BC3E /* ReduxWithSwift */ = {
			isa = PBXGroup;
			children = (
				1F1C07491D741E3C00DE6929 /* Xib模块化 */,
				1FC550881D5AB34900A7BC3E /* TodoList应用 */,
				1FC550A61D5AB37200A7BC3E /* Vender */,
				1FC5503A1D5AB06500A7BC3E /* AppDelegate.swift */,
				1FC550411D5AB06500A7BC3E /* Assets.xcassets */,
				1FC550461D5AB06500A7BC3E /* Info.plist */,
				1FC550431D5AB06500A7BC3E /* LaunchScreen.storyboard */,
				1FC5503E1D5AB06500A7BC3E /* Main.storyboard */,
				1FC5503C1D5AB06500A7BC3E /* ViewController.swift */,
			);
			path = ReduxWithSwift;
			sourceTree = "<group>";
		};
		1FC550881D5AB34900A7BC3E /* TodoList应用 */ = {
			isa = PBXGroup;
			children = (
				1FC550891D5AB34900A7BC3E /* Component */,
				1FC550901D5AB34900A7BC3E /* Redux版本 */,
				1FC550971D5AB34900A7BC3E /* 组件版本 */,
			);
			path = "TodoList应用";
			sourceTree = "<group>";
		};
		1FC550891D5AB34900A7BC3E /* Component */ = {
			isa = PBXGroup;
			children = (
				1FC5508A1D5AB34900A7BC3E /* TodoFooter.swift */,
				1FC5508B1D5AB34900A7BC3E /* TodoFooter.xib */,
				1FC5508C1D5AB34900A7BC3E /* TodoHeader.swift */,
				1FC5508D1D5AB34900A7BC3E /* TodoHeader.xib */,
				1FC5508E1D5AB34900A7BC3E /* TodoList.swift */,
				1FC5508F1D5AB34900A7BC3E /* TodoList.xib */,
			);
			path = Component;
			sourceTree = "<group>";
		};
		1FC550901D5AB34900A7BC3E /* Redux版本 */ = {
			isa = PBXGroup;
			children = (
				1FC550911D5AB34900A7BC3E /* Action */,
				1FC550931D5AB34900A7BC3E /* Reducer */,
				1FC550951D5AB34900A7BC3E /* TodoListReduxDemo.swift */,
				1FC550961D5AB34900A7BC3E /* TodoListReduxDemo.xib */,
			);
			path = "Redux版本";
			sourceTree = "<group>";
		};
		1FC550911D5AB34900A7BC3E /* Action */ = {
			isa = PBXGroup;
			children = (
				1FC550921D5AB34900A7BC3E /* TodoListAction.swift */,
			);
			path = Action;
			sourceTree = "<group>";
		};
		1FC550931D5AB34900A7BC3E /* Reducer */ = {
			isa = PBXGroup;
			children = (
				1FC550941D5AB34900A7BC3E /* TodoListReducer.swift */,
			);
			path = Reducer;
			sourceTree = "<group>";
		};
		1FC550971D5AB34900A7BC3E /* 组件版本 */ = {
			isa = PBXGroup;
			children = (
				1FC550981D5AB34900A7BC3E /* TodoListDemo.swift */,
				1FC550991D5AB34900A7BC3E /* TodoListDemo.xib */,
			);
			path = "组件版本";
			sourceTree = "<group>";
		};
		1FC550A61D5AB37200A7BC3E /* Vender */ = {
			isa = PBXGroup;
			children = (
				EE9E0D781D90C8550035A78B /* YYSDK */,
				EE9E0D581D90C80C0035A78B /* ReSwift */,
			);
			path = Vender;
			sourceTree = "<group>";
		};
		EE7E483C1D78027600576A90 /* XibView3 */ = {
			isa = PBXGroup;
			children = (
				EE7E483A1D78027000576A90 /* XibView3.swift */,
				EE7E483D1D7802AE00576A90 /* XibView3.xib */,
			);
			path = XibView3;
			sourceTree = "<group>";
		};
		EE9E0D581D90C80C0035A78B /* ReSwift */ = {
			isa = PBXGroup;
			children = (
				EE9E0D591D90C80C0035A78B /* CoreTypes */,
				EE9E0D631D90C80C0035A78B /* Info.plist */,
				EE9E0D641D90C80C0035A78B /* ReSwift.h */,
				EE9E0D651D90C80C0035A78B /* Utils */,
			);
			path = ReSwift;
			sourceTree = "<group>";
		};
		EE9E0D591D90C80C0035A78B /* CoreTypes */ = {
			isa = PBXGroup;
			children = (
				EE9E0D5A1D90C80C0035A78B /* Action.swift */,
				EE9E0D5B1D90C80C0035A78B /* CombinedReducer.swift */,
				EE9E0D5C1D90C80C0035A78B /* Middleware.swift */,
				EE9E0D5D1D90C80C0035A78B /* Reducer.swift */,
				EE9E0D5E1D90C80C0035A78B /* State.swift */,
				EE9E0D5F1D90C80C0035A78B /* Store.swift */,
				EE9E0D601D90C80C0035A78B /* StoreSubscriber.swift */,
				EE9E0D611D90C80C0035A78B /* StoreType.swift */,
				EE9E0D621D90C80C0035A78B /* Subscription.swift */,
			);
			path = CoreTypes;
			sourceTree = "<group>";
		};
		EE9E0D651D90C80C0035A78B /* Utils */ = {
			isa = PBXGroup;
			children = (
				EE9E0D661D90C80C0035A78B /* Assertions.swift */,
				EE9E0D671D90C80C0035A78B /* Coding.swift */,
				EE9E0D681D90C80C0035A78B /* Swift+Compatibility.swift */,
				EE9E0D691D90C80C0035A78B /* TypeHelper.swift */,
			);
			path = Utils;
			sourceTree = "<group>";
		};
		EE9E0D781D90C8550035A78B /* YYSDK */ = {
			isa = PBXGroup;
			children = (
				EE9E0D791D90C8550035A78B /* Info.plist */,
				EE9E0D7A1D90C8550035A78B /* YYCategory */,
				EE9E0DA61D90C8550035A78B /* YYFoundation */,
				EE9E0DAC1D90C8550035A78B /* YYLib */,
				EE9E0DBC1D90C8550035A78B /* YYSDK.h */,
			);
			path = YYSDK;
			sourceTree = "<group>";
		};
		EE9E0D7A1D90C8550035A78B /* YYCategory */ = {
			isa = PBXGroup;
			children = (
				EE9E0D7B1D90C8550035A78B /* Foudation */,
				EE9E0D8B1D90C8550035A78B /* SpriteKit */,
				EE9E0D8E1D90C8550035A78B /* UIKit */,
			);
			path = YYCategory;
			sourceTree = "<group>";
		};
		EE9E0D7B1D90C8550035A78B /* Foudation */ = {
			isa = PBXGroup;
			children = (
				EE9E0D7C1D90C8550035A78B /* Array */,
				EE9E0D7E1D90C8550035A78B /* BooleanType */,
				EE9E0D801D90C8550035A78B /* Data */,
				EE9E0D821D90C8550035A78B /* Date */,
				EE9E0D841D90C8550035A78B /* Dictionary */,
				EE9E0D861D90C8550035A78B /* NSObject */,
				EE9E0D881D90C8550035A78B /* String */,
			);
			path = Foudation;
			sourceTree = "<group>";
		};
		EE9E0D7C1D90C8550035A78B /* Array */ = {
			isa = PBXGroup;
			children = (
				EE9E0D7D1D90C8550035A78B /* Array+YYSDK.swift */,
			);
			path = Array;
			sourceTree = "<group>";
		};
		EE9E0D7E1D90C8550035A78B /* BooleanType */ = {
			isa = PBXGroup;
			children = (
				EE9E0D7F1D90C8550035A78B /* BooleanType+YYSDK.swift */,
			);
			path = BooleanType;
			sourceTree = "<group>";
		};
		EE9E0D801D90C8550035A78B /* Data */ = {
			isa = PBXGroup;
			children = (
				EE9E0D811D90C8550035A78B /* NSData+YYSDK.swift */,
			);
			path = Data;
			sourceTree = "<group>";
		};
		EE9E0D821D90C8550035A78B /* Date */ = {
			isa = PBXGroup;
			children = (
				EE9E0D831D90C8550035A78B /* Date+YYSDK.swift */,
			);
			path = Date;
			sourceTree = "<group>";
		};
		EE9E0D841D90C8550035A78B /* Dictionary */ = {
			isa = PBXGroup;
			children = (
				EE9E0D851D90C8550035A78B /* Dictionary+YYSDK.swift */,
			);
			path = Dictionary;
			sourceTree = "<group>";
		};
		EE9E0D861D90C8550035A78B /* NSObject */ = {
			isa = PBXGroup;
			children = (
				EE9E0D871D90C8550035A78B /* NSObject+YYSDK.swift */,
			);
			path = NSObject;
			sourceTree = "<group>";
		};
		EE9E0D881D90C8550035A78B /* String */ = {
			isa = PBXGroup;
			children = (
				EE9E0D891D90C8550035A78B /* NSAttributedString+YYSDK.swift */,
				EE9E0D8A1D90C8550035A78B /* String+YYSDK.swift */,
			);
			path = String;
			sourceTree = "<group>";
		};
		EE9E0D8B1D90C8550035A78B /* SpriteKit */ = {
			isa = PBXGroup;
			children = (
				EE9E0D8C1D90C8550035A78B /* SKView */,
			);
			path = SpriteKit;
			sourceTree = "<group>";
		};
		EE9E0D8C1D90C8550035A78B /* SKView */ = {
			isa = PBXGroup;
			children = (
				EE9E0D8D1D90C8550035A78B /* SKView+YYSDK.swift */,
			);
			path = SKView;
			sourceTree = "<group>";
		};
		EE9E0D8E1D90C8550035A78B /* UIKit */ = {
			isa = PBXGroup;
			children = (
				EE9E0D8F1D90C8550035A78B /* UIButton */,
				EE9E0D911D90C8550035A78B /* UIColor */,
				EE9E0D931D90C8550035A78B /* UIImage */,
				EE9E0D951D90C8550035A78B /* UINavigationBar+YYSDK.swift */,
				EE9E0D961D90C8550035A78B /* UIPanGestureRecognizer */,
				EE9E0D981D90C8550035A78B /* UIScrollView */,
				EE9E0D9A1D90C8550035A78B /* UITabBarController */,
				EE9E0D9C1D90C8550035A78B /* UITableView */,
				EE9E0D9E1D90C8550035A78B /* UIView */,
				EE9E0DA01D90C8550035A78B /* UIViewController */,
				EE9E0DA21D90C8550035A78B /* UIWebView */,
				EE9E0DA41D90C8550035A78B /* WKWebView */,
			);
			path = UIKit;
			sourceTree = "<group>";
		};
		EE9E0D8F1D90C8550035A78B /* UIButton */ = {
			isa = PBXGroup;
			children = (
				EE9E0D901D90C8550035A78B /* UIButton+YYSDK.swift */,
			);
			path = UIButton;
			sourceTree = "<group>";
		};
		EE9E0D911D90C8550035A78B /* UIColor */ = {
			isa = PBXGroup;
			children = (
				EE9E0D921D90C8550035A78B /* UIColor+YYSDK.swift */,
			);
			path = UIColor;
			sourceTree = "<group>";
		};
		EE9E0D931D90C8550035A78B /* UIImage */ = {
			isa = PBXGroup;
			children = (
				EE9E0D941D90C8550035A78B /* UIImage+YYSDK.swift */,
			);
			path = UIImage;
			sourceTree = "<group>";
		};
		EE9E0D961D90C8550035A78B /* UIPanGestureRecognizer */ = {
			isa = PBXGroup;
			children = (
				EE9E0D971D90C8550035A78B /* UIPanGestureRecognizer+YYSDK.swift */,
			);
			path = UIPanGestureRecognizer;
			sourceTree = "<group>";
		};
		EE9E0D981D90C8550035A78B /* UIScrollView */ = {
			isa = PBXGroup;
			children = (
				EE9E0D991D90C8550035A78B /* UIScrollView+YYSDK.swift */,
			);
			path = UIScrollView;
			sourceTree = "<group>";
		};
		EE9E0D9A1D90C8550035A78B /* UITabBarController */ = {
			isa = PBXGroup;
			children = (
				EE9E0D9B1D90C8550035A78B /* UITabBarController+YYSDK.swift */,
			);
			path = UITabBarController;
			sourceTree = "<group>";
		};
		EE9E0D9C1D90C8550035A78B /* UITableView */ = {
			isa = PBXGroup;
			children = (
				EE9E0D9D1D90C8550035A78B /* UITableView+YYSDK.swift */,
			);
			path = UITableView;
			sourceTree = "<group>";
		};
		EE9E0D9E1D90C8550035A78B /* UIView */ = {
			isa = PBXGroup;
			children = (
				EE9E0D9F1D90C8550035A78B /* UIView+YYSDK.swift */,
			);
			path = UIView;
			sourceTree = "<group>";
		};
		EE9E0DA01D90C8550035A78B /* UIViewController */ = {
			isa = PBXGroup;
			children = (
				EE9E0DA11D90C8550035A78B /* ViewController+YYSDK.swift */,
			);
			path = UIViewController;
			sourceTree = "<group>";
		};
		EE9E0DA21D90C8550035A78B /* UIWebView */ = {
			isa = PBXGroup;
			children = (
				EE9E0DA31D90C8550035A78B /* UIWebView+YYSDK.swift */,
			);
			path = UIWebView;
			sourceTree = "<group>";
		};
		EE9E0DA41D90C8550035A78B /* WKWebView */ = {
			isa = PBXGroup;
			children = (
				EE9E0DA51D90C8550035A78B /* WKWebView+YYSDK.swift */,
			);
			path = WKWebView;
			sourceTree = "<group>";
		};
		EE9E0DA61D90C8550035A78B /* YYFoundation */ = {
			isa = PBXGroup;
			children = (
				EE9E0DA71D90C8550035A78B /* YYClosure.swift */,
				EE9E0DA81D90C8550035A78B /* YYEnum.swift */,
				EE9E0DA91D90C8550035A78B /* YYProtocol.swift */,
				EE9E0DAA1D90C8550035A78B /* YYStruct.swift */,
				EE9E0DAB1D90C8550035A78B /* YYSystemNotification.swift */,
			);
			path = YYFoundation;
			sourceTree = "<group>";
		};
		EE9E0DAC1D90C8550035A78B /* YYLib */ = {
			isa = PBXGroup;
			children = (
				EE9E0DAD1D90C8550035A78B /* YYAnimation.swift */,
				EE9E0DAE1D90C8550035A78B /* YYButton.swift */,
				EE9E0DAF1D90C8550035A78B /* YYDim.swift */,
				EE9E0DB01D90C8550035A78B /* YYGCD.swift */,
				EE9E0DB11D90C8550035A78B /* YYGCDGroup.swift */,
				EE9E0DB21D90C8550035A78B /* YYImageBrowser.swift */,
				EE9E0DB31D90C8550035A78B /* YYImageView.swift */,
				EE9E0DB41D90C8550035A78B /* YYLabel.swift */,
				EE9E0DB51D90C8550035A78B /* YYRefresh */,
				EE9E0DBA1D90C8550035A78B /* YYView.swift */,
				EE9E0DBB1D90C8550035A78B /* YYXibView.swift */,
			);
			path = YYLib;
			sourceTree = "<group>";
		};
		EE9E0DB51D90C8550035A78B /* YYRefresh */ = {
			isa = PBXGroup;
			children = (
				EE9E0DB61D90C8550035A78B /* YYRefresh.bundle */,
				EE9E0DB71D90C8550035A78B /* YYRefresh.swift */,
				EE9E0DB81D90C8550035A78B /* YYRefreshFoundation.swift */,
				EE9E0DB91D90C8550035A78B /* YYRefreshView.swift */,
			);
			path = YYRefresh;
			sourceTree = "<group>";
		};
/* End PBXGroup section */

/* Begin PBXNativeTarget section */
		1FC550361D5AB06400A7BC3E /* ReduxWithSwift */ = {
			isa = PBXNativeTarget;
			buildConfigurationList = 1FC550491D5AB06500A7BC3E /* Build configuration list for PBXNativeTarget "ReduxWithSwift" */;
			buildPhases = (
				1FC550331D5AB06400A7BC3E /* Sources */,
				1FC550341D5AB06400A7BC3E /* Frameworks */,
				1FC550351D5AB06400A7BC3E /* Resources */,
			);
			buildRules = (
			);
			dependencies = (
			);
			name = ReduxWithSwift;
			productName = ReduxWithSwift;
			productReference = 1FC550371D5AB06400A7BC3E /* ReduxWithSwift.app */;
			productType = "com.apple.product-type.application";
		};
/* End PBXNativeTarget section */

/* Begin PBXProject section */
		1FC5502F1D5AB06400A7BC3E /* Project object */ = {
			isa = PBXProject;
			attributes = {
				LastSwiftUpdateCheck = 0730;
				LastUpgradeCheck = 0730;
				ORGANIZATIONNAME = huan;
				TargetAttributes = {
					1FC550361D5AB06400A7BC3E = {
						CreatedOnToolsVersion = 7.3;
						LastSwiftMigration = 0800;
					};
				};
			};
			buildConfigurationList = 1FC550321D5AB06400A7BC3E /* Build configuration list for PBXProject "ReduxWithSwift" */;
			compatibilityVersion = "Xcode 3.2";
			developmentRegion = English;
			hasScannedForEncodings = 0;
			knownRegions = (
				en,
				Base,
			);
			mainGroup = 1FC5502E1D5AB06400A7BC3E;
			productRefGroup = 1FC550381D5AB06400A7BC3E /* Products */;
			projectDirPath = "";
			projectRoot = "";
			targets = (
				1FC550361D5AB06400A7BC3E /* ReduxWithSwift */,
			);
		};
/* End PBXProject section */

/* Begin PBXResourcesBuildPhase section */
		1FC550351D5AB06400A7BC3E /* Resources */ = {
			isa = PBXResourcesBuildPhase;
			buildActionMask = 2147483647;
			files = (
				1FC550A51D5AB34900A7BC3E /* TodoListDemo.xib in Resources */,
				1FC5509D1D5AB34900A7BC3E /* TodoHeader.xib in Resources */,
				1FC550A31D5AB34900A7BC3E /* TodoListReduxDemo.xib in Resources */,
				1F1C074B1D741E6000DE6929 /* XibDemo.xib in Resources */,
				EE7E483E1D7802AE00576A90 /* XibView3.xib in Resources */,
				1F1C07531D7425DA00DE6929 /* XibView2.xib in Resources */,
				EE9E0DBD1D90C8550035A78B /* Info.plist in Resources */,
				1FC5509B1D5AB34900A7BC3E /* TodoFooter.xib in Resources */,
				1FC550451D5AB06500A7BC3E /* LaunchScreen.storyboard in Resources */,
				1FC5509F1D5AB34900A7BC3E /* TodoList.xib in Resources */,
				EE9E0DE01D90C8550035A78B /* YYRefresh.bundle in Resources */,
				1F1C074F1D741EFB00DE6929 /* XibView1.xib in Resources */,
				1FC550421D5AB06500A7BC3E /* Assets.xcassets in Resources */,
				1FC550401D5AB06500A7BC3E /* Main.storyboard in Resources */,
				EE9E0D731D90C80C0035A78B /* Info.plist in Resources */,
			);
			runOnlyForDeploymentPostprocessing = 0;
		};
/* End PBXResourcesBuildPhase section */

/* Begin PBXSourcesBuildPhase section */
		1FC550331D5AB06400A7BC3E /* Sources */ = {
			isa = PBXSourcesBuildPhase;
			buildActionMask = 2147483647;
			files = (
				EE9E0DCA1D90C8550035A78B /* UINavigationBar+YYSDK.swift in Sources */,
				EE9E0DC41D90C8550035A78B /* NSAttributedString+YYSDK.swift in Sources */,
				EE9E0DCE1D90C8550035A78B /* UITableView+YYSDK.swift in Sources */,
				EE9E0DD01D90C8550035A78B /* ViewController+YYSDK.swift in Sources */,
				EE9E0DD61D90C8550035A78B /* YYStruct.swift in Sources */,
				EE9E0DD51D90C8550035A78B /* YYProtocol.swift in Sources */,
				EE9E0DD41D90C8550035A78B /* YYEnum.swift in Sources */,
				EE9E0DCD1D90C8550035A78B /* UITabBarController+YYSDK.swift in Sources */,
				EE9E0DDE1D90C8550035A78B /* YYImageView.swift in Sources */,
				1F1C07511D7425CE00DE6929 /* XibView2.swift in Sources */,
				EE9E0DE31D90C8550035A78B /* YYRefreshView.swift in Sources */,
				EE9E0DC31D90C8550035A78B /* NSObject+YYSDK.swift in Sources */,
				EE9E0D6A1D90C80C0035A78B /* Action.swift in Sources */,
				EE9E0D741D90C80C0035A78B /* Assertions.swift in Sources */,
				EE9E0DDC1D90C8550035A78B /* YYGCDGroup.swift in Sources */,
				1F1C07481D741E3800DE6929 /* XibDemo.swift in Sources */,
				EE9E0D721D90C80C0035A78B /* Subscription.swift in Sources */,
				EE9E0DCF1D90C8550035A78B /* UIView+YYSDK.swift in Sources */,
				1FC5503D1D5AB06500A7BC3E /* ViewController.swift in Sources */,
				EE9E0DC21D90C8550035A78B /* Dictionary+YYSDK.swift in Sources */,
				EE9E0DDD1D90C8550035A78B /* YYImageBrowser.swift in Sources */,
				EE9E0D6E1D90C80C0035A78B /* State.swift in Sources */,
				EE9E0DC81D90C8550035A78B /* UIColor+YYSDK.swift in Sources */,
				EE9E0DD31D90C8550035A78B /* YYClosure.swift in Sources */,
				1FC5509E1D5AB34900A7BC3E /* TodoList.swift in Sources */,
				1F1C074D1D741EEC00DE6929 /* XibView1.swift in Sources */,
				EE9E0D6D1D90C80C0035A78B /* Reducer.swift in Sources */,
				EE9E0DDF1D90C8550035A78B /* YYLabel.swift in Sources */,
				EE9E0D701D90C80C0035A78B /* StoreSubscriber.swift in Sources */,
				1FC5509A1D5AB34900A7BC3E /* TodoFooter.swift in Sources */,
				EE9E0DDA1D90C8550035A78B /* YYDim.swift in Sources */,
				1FC5503B1D5AB06500A7BC3E /* AppDelegate.swift in Sources */,
				EE7E483B1D78027000576A90 /* XibView3.swift in Sources */,
				EE9E0D751D90C80C0035A78B /* Coding.swift in Sources */,
				1FC550A11D5AB34900A7BC3E /* TodoListReducer.swift in Sources */,
				EE9E0DD21D90C8550035A78B /* WKWebView+YYSDK.swift in Sources */,
				EE9E0DBF1D90C8550035A78B /* BooleanType+YYSDK.swift in Sources */,
				EE9E0D6C1D90C80C0035A78B /* Middleware.swift in Sources */,
				EE9E0DE21D90C8550035A78B /* YYRefreshFoundation.swift in Sources */,
				1FC550A01D5AB34900A7BC3E /* TodoListAction.swift in Sources */,
				EE9E0DC51D90C8550035A78B /* String+YYSDK.swift in Sources */,
				EE9E0DCB1D90C8550035A78B /* UIPanGestureRecognizer+YYSDK.swift in Sources */,
				EE9E0DDB1D90C8550035A78B /* YYGCD.swift in Sources */,
				EE9E0D711D90C80C0035A78B /* StoreType.swift in Sources */,
				1FC550A21D5AB34900A7BC3E /* TodoListReduxDemo.swift in Sources */,
				EE9E0DD81D90C8550035A78B /* YYAnimation.swift in Sources */,
				1FC550A41D5AB34900A7BC3E /* TodoListDemo.swift in Sources */,
				EE9E0DBE1D90C8550035A78B /* Array+YYSDK.swift in Sources */,
				EE9E0D6F1D90C80C0035A78B /* Store.swift in Sources */,
				EE9E0D771D90C80C0035A78B /* TypeHelper.swift in Sources */,
				EE9E0D6B1D90C80C0035A78B /* CombinedReducer.swift in Sources */,
				EE9E0DD71D90C8550035A78B /* YYSystemNotification.swift in Sources */,
				1FC5509C1D5AB34900A7BC3E /* TodoHeader.swift in Sources */,
				EE9E0DC71D90C8550035A78B /* UIButton+YYSDK.swift in Sources */,
				EE9E0DD91D90C8550035A78B /* YYButton.swift in Sources */,
				EE9E0DE51D90C8550035A78B /* YYXibView.swift in Sources */,
				EE9E0DD11D90C8550035A78B /* UIWebView+YYSDK.swift in Sources */,
				EE9E0D761D90C80C0035A78B /* Swift+Compatibility.swift in Sources */,
				EE9E0DC61D90C8550035A78B /* SKView+YYSDK.swift in Sources */,
				EE9E0DCC1D90C8550035A78B /* UIScrollView+YYSDK.swift in Sources */,
				EE9E0DC01D90C8550035A78B /* NSData+YYSDK.swift in Sources */,
				EE9E0DE41D90C8550035A78B /* YYView.swift in Sources */,
				EE9E0DE11D90C8550035A78B /* YYRefresh.swift in Sources */,
				EE9E0DC91D90C8550035A78B /* UIImage+YYSDK.swift in Sources */,
				EE9E0DC11D90C8550035A78B /* Date+YYSDK.swift in Sources */,
			);
			runOnlyForDeploymentPostprocessing = 0;
		};
/* End PBXSourcesBuildPhase section */

/* Begin PBXVariantGroup section */
		1FC5503E1D5AB06500A7BC3E /* Main.storyboard */ = {
			isa = PBXVariantGroup;
			children = (
				1FC5503F1D5AB06500A7BC3E /* Base */,
			);
			name = Main.storyboard;
			path = .;
			sourceTree = "<group>";
		};
		1FC550431D5AB06500A7BC3E /* LaunchScreen.storyboard */ = {
			isa = PBXVariantGroup;
			children = (
				1FC550441D5AB06500A7BC3E /* Base */,
			);
			name = LaunchScreen.storyboard;
			path = .;
			sourceTree = "<group>";
		};
/* End PBXVariantGroup section */

/* Begin XCBuildConfiguration section */
		1FC550471D5AB06500A7BC3E /* Debug */ = {
			isa = XCBuildConfiguration;
			buildSettings = {
				ALWAYS_SEARCH_USER_PATHS = NO;
				CLANG_ANALYZER_NONNULL = YES;
				CLANG_CXX_LANGUAGE_STANDARD = "gnu++0x";
				CLANG_CXX_LIBRARY = "libc++";
				CLANG_ENABLE_MODULES = YES;
				CLANG_ENABLE_OBJC_ARC = YES;
				CLANG_WARN_BOOL_CONVERSION = YES;
				CLANG_WARN_CONSTANT_CONVERSION = YES;
				CLANG_WARN_DIRECT_OBJC_ISA_USAGE = YES_ERROR;
				CLANG_WARN_EMPTY_BODY = YES;
				CLANG_WARN_ENUM_CONVERSION = YES;
				CLANG_WARN_INT_CONVERSION = YES;
				CLANG_WARN_OBJC_ROOT_CLASS = YES_ERROR;
				CLANG_WARN_UNREACHABLE_CODE = YES;
				CLANG_WARN__DUPLICATE_METHOD_MATCH = YES;
				"CODE_SIGN_IDENTITY[sdk=iphoneos*]" = "iPhone Developer";
				COPY_PHASE_STRIP = NO;
				DEBUG_INFORMATION_FORMAT = dwarf;
				ENABLE_STRICT_OBJC_MSGSEND = YES;
				ENABLE_TESTABILITY = YES;
				GCC_C_LANGUAGE_STANDARD = gnu99;
				GCC_DYNAMIC_NO_PIC = NO;
				GCC_NO_COMMON_BLOCKS = YES;
				GCC_OPTIMIZATION_LEVEL = 0;
				GCC_PREPROCESSOR_DEFINITIONS = (
					"DEBUG=1",
					"$(inherited)",
				);
				GCC_WARN_64_TO_32_BIT_CONVERSION = YES;
				GCC_WARN_ABOUT_RETURN_TYPE = YES_ERROR;
				GCC_WARN_UNDECLARED_SELECTOR = YES;
				GCC_WARN_UNINITIALIZED_AUTOS = YES_AGGRESSIVE;
				GCC_WARN_UNUSED_FUNCTION = YES;
				GCC_WARN_UNUSED_VARIABLE = YES;
				IPHONEOS_DEPLOYMENT_TARGET = 9.3;
				MTL_ENABLE_DEBUG_INFO = YES;
				ONLY_ACTIVE_ARCH = YES;
				SDKROOT = iphoneos;
				SWIFT_OPTIMIZATION_LEVEL = "-Onone";
				TARGETED_DEVICE_FAMILY = "1,2";
			};
			name = Debug;
		};
		1FC550481D5AB06500A7BC3E /* Release */ = {
			isa = XCBuildConfiguration;
			buildSettings = {
				ALWAYS_SEARCH_USER_PATHS = NO;
				CLANG_ANALYZER_NONNULL = YES;
				CLANG_CXX_LANGUAGE_STANDARD = "gnu++0x";
				CLANG_CXX_LIBRARY = "libc++";
				CLANG_ENABLE_MODULES = YES;
				CLANG_ENABLE_OBJC_ARC = YES;
				CLANG_WARN_BOOL_CONVERSION = YES;
				CLANG_WARN_CONSTANT_CONVERSION = YES;
				CLANG_WARN_DIRECT_OBJC_ISA_USAGE = YES_ERROR;
				CLANG_WARN_EMPTY_BODY = YES;
				CLANG_WARN_ENUM_CONVERSION = YES;
				CLANG_WARN_INT_CONVERSION = YES;
				CLANG_WARN_OBJC_ROOT_CLASS = YES_ERROR;
				CLANG_WARN_UNREACHABLE_CODE = YES;
				CLANG_WARN__DUPLICATE_METHOD_MATCH = YES;
				"CODE_SIGN_IDENTITY[sdk=iphoneos*]" = "iPhone Developer";
				COPY_PHASE_STRIP = NO;
				DEBUG_INFORMATION_FORMAT = "dwarf-with-dsym";
				ENABLE_NS_ASSERTIONS = NO;
				ENABLE_STRICT_OBJC_MSGSEND = YES;
				GCC_C_LANGUAGE_STANDARD = gnu99;
				GCC_NO_COMMON_BLOCKS = YES;
				GCC_WARN_64_TO_32_BIT_CONVERSION = YES;
				GCC_WARN_ABOUT_RETURN_TYPE = YES_ERROR;
				GCC_WARN_UNDECLARED_SELECTOR = YES;
				GCC_WARN_UNINITIALIZED_AUTOS = YES_AGGRESSIVE;
				GCC_WARN_UNUSED_FUNCTION = YES;
				GCC_WARN_UNUSED_VARIABLE = YES;
				IPHONEOS_DEPLOYMENT_TARGET = 9.3;
				MTL_ENABLE_DEBUG_INFO = NO;
				SDKROOT = iphoneos;
				TARGETED_DEVICE_FAMILY = "1,2";
				VALIDATE_PRODUCT = YES;
			};
			name = Release;
		};
		1FC5504A1D5AB06500A7BC3E /* Debug */ = {
			isa = XCBuildConfiguration;
			buildSettings = {
				ASSETCATALOG_COMPILER_APPICON_NAME = AppIcon;
				INFOPLIST_FILE = ReduxWithSwift/Info.plist;
				IPHONEOS_DEPLOYMENT_TARGET = 8.0;
				LD_RUNPATH_SEARCH_PATHS = "$(inherited) @executable_path/Frameworks";
				PRODUCT_BUNDLE_IDENTIFIER = com.yy.ios.ReduxWithSwift;
				PRODUCT_NAME = "$(TARGET_NAME)";
				SWIFT_VERSION = 3.0;
			};
			name = Debug;
		};
		1FC5504B1D5AB06500A7BC3E /* Release */ = {
			isa = XCBuildConfiguration;
			buildSettings = {
				ASSETCATALOG_COMPILER_APPICON_NAME = AppIcon;
				INFOPLIST_FILE = ReduxWithSwift/Info.plist;
				IPHONEOS_DEPLOYMENT_TARGET = 8.0;
				LD_RUNPATH_SEARCH_PATHS = "$(inherited) @executable_path/Frameworks";
				PRODUCT_BUNDLE_IDENTIFIER = com.yy.ios.ReduxWithSwift;
				PRODUCT_NAME = "$(TARGET_NAME)";
				SWIFT_VERSION = 3.0;
			};
			name = Release;
		};
/* End XCBuildConfiguration section */

/* Begin XCConfigurationList section */
		1FC550321D5AB06400A7BC3E /* Build configuration list for PBXProject "ReduxWithSwift" */ = {
			isa = XCConfigurationList;
			buildConfigurations = (
				1FC550471D5AB06500A7BC3E /* Debug */,
				1FC550481D5AB06500A7BC3E /* Release */,
			);
			defaultConfigurationIsVisible = 0;
			defaultConfigurationName = Release;
		};
		1FC550491D5AB06500A7BC3E /* Build configuration list for PBXNativeTarget "ReduxWithSwift" */ = {
			isa = XCConfigurationList;
			buildConfigurations = (
				1FC5504A1D5AB06500A7BC3E /* Debug */,
				1FC5504B1D5AB06500A7BC3E /* Release */,
			);
			defaultConfigurationIsVisible = 0;
			defaultConfigurationName = Release;
		};
/* End XCConfigurationList section */
	};
	rootObject = 1FC5502F1D5AB06400A7BC3E /* Project object */;
}
